// !$*UTF8*$!
{
	archiveVersion = 1;
	classes = {
	};
	objectVersion = 56;
	objects = {

/* Begin PBXBuildFile section */
		9AEC1E5328ED9B6F00A93DDC /* HitTheTreeOnSwiftUIApp.swift in Sources */ = {isa = PBXBuildFile; fileRef = 9AEC1E5228ED9B6F00A93DDC /* HitTheTreeOnSwiftUIApp.swift */; };
		9AEC1E5528ED9B6F00A93DDC /* ContentView.swift in Sources */ = {isa = PBXBuildFile; fileRef = 9AEC1E5428ED9B6F00A93DDC /* ContentView.swift */; };
		9AEC1E5728ED9B7000A93DDC /* Assets.xcassets in Resources */ = {isa = PBXBuildFile; fileRef = 9AEC1E5628ED9B7000A93DDC /* Assets.xcassets */; };
		9AEC1E5A28ED9B7000A93DDC /* Preview Assets.xcassets in Resources */ = {isa = PBXBuildFile; fileRef = 9AEC1E5928ED9B7000A93DDC /* Preview Assets.xcassets */; };
		9AEC1E6428ED9B7100A93DDC /* HitTheTreeOnSwiftUITests.swift in Sources */ = {isa = PBXBuildFile; fileRef = 9AEC1E6328ED9B7100A93DDC /* HitTheTreeOnSwiftUITests.swift */; };
		9AEC1E6E28ED9B7100A93DDC /* HitTheTreeOnSwiftUIUITests.swift in Sources */ = {isa = PBXBuildFile; fileRef = 9AEC1E6D28ED9B7100A93DDC /* HitTheTreeOnSwiftUIUITests.swift */; };
		9AEC1E7028ED9B7100A93DDC /* HitTheTreeOnSwiftUIUITestsLaunchTests.swift in Sources */ = {isa = PBXBuildFile; fileRef = 9AEC1E6F28ED9B7100A93DDC /* HitTheTreeOnSwiftUIUITestsLaunchTests.swift */; };
		9AEC1E7D28F0020600A93DDC /* art.scnassets in Resources */ = {isa = PBXBuildFile; fileRef = 9AEC1E7C28F0020600A93DDC /* art.scnassets */; };
		9AEC1E7F28FD16C800A93DDC /* MainSceneView.swift in Sources */ = {isa = PBXBuildFile; fileRef = 9AEC1E7E28FD16C800A93DDC /* MainSceneView.swift */; };
		9AEC1E8128FD171800A93DDC /* MainSceneViewModel.swift in Sources */ = {isa = PBXBuildFile; fileRef = 9AEC1E8028FD171800A93DDC /* MainSceneViewModel.swift */; };
/* End PBXBuildFile section */

/* Begin PBXContainerItemProxy section */
		9AEC1E6028ED9B7100A93DDC /* PBXContainerItemProxy */ = {
			isa = PBXContainerItemProxy;
			containerPortal = 9AEC1E4728ED9B6F00A93DDC /* Project object */;
			proxyType = 1;
			remoteGlobalIDString = 9AEC1E4E28ED9B6F00A93DDC;
			remoteInfo = HitTheTreeOnSwiftUI;
		};
		9AEC1E6A28ED9B7100A93DDC /* PBXContainerItemProxy */ = {
			isa = PBXContainerItemProxy;
			containerPortal = 9AEC1E4728ED9B6F00A93DDC /* Project object */;
			proxyType = 1;
			remoteGlobalIDString = 9AEC1E4E28ED9B6F00A93DDC;
			remoteInfo = HitTheTreeOnSwiftUI;
		};
/* End PBXContainerItemProxy section */

/* Begin PBXFileReference section */
		9AEC1E4F28ED9B6F00A93DDC /* HitTheTreeOnSwiftUI.app */ = {isa = PBXFileReference; explicitFileType = wrapper.application; includeInIndex = 0; path = HitTheTreeOnSwiftUI.app; sourceTree = BUILT_PRODUCTS_DIR; };
		9AEC1E5228ED9B6F00A93DDC /* HitTheTreeOnSwiftUIApp.swift */ = {isa = PBXFileReference; lastKnownFileType = sourcecode.swift; path = HitTheTreeOnSwiftUIApp.swift; sourceTree = "<group>"; };
		9AEC1E5428ED9B6F00A93DDC /* ContentView.swift */ = {isa = PBXFileReference; lastKnownFileType = sourcecode.swift; path = ContentView.swift; sourceTree = "<group>"; };
		9AEC1E5628ED9B7000A93DDC /* Assets.xcassets */ = {isa = PBXFileReference; lastKnownFileType = folder.assetcatalog; path = Assets.xcassets; sourceTree = "<group>"; };
		9AEC1E5928ED9B7000A93DDC /* Preview Assets.xcassets */ = {isa = PBXFileReference; lastKnownFileType = folder.assetcatalog; path = "Preview Assets.xcassets"; sourceTree = "<group>"; };
		9AEC1E5F28ED9B7100A93DDC /* HitTheTreeOnSwiftUITests.xctest */ = {isa = PBXFileReference; explicitFileType = wrapper.cfbundle; includeInIndex = 0; path = HitTheTreeOnSwiftUITests.xctest; sourceTree = BUILT_PRODUCTS_DIR; };
		9AEC1E6328ED9B7100A93DDC /* HitTheTreeOnSwiftUITests.swift */ = {isa = PBXFileReference; lastKnownFileType = sourcecode.swift; path = HitTheTreeOnSwiftUITests.swift; sourceTree = "<group>"; };
		9AEC1E6928ED9B7100A93DDC /* HitTheTreeOnSwiftUIUITests.xctest */ = {isa = PBXFileReference; explicitFileType = wrapper.cfbundle; includeInIndex = 0; path = HitTheTreeOnSwiftUIUITests.xctest; sourceTree = BUILT_PRODUCTS_DIR; };
		9AEC1E6D28ED9B7100A93DDC /* HitTheTreeOnSwiftUIUITests.swift */ = {isa = PBXFileReference; lastKnownFileType = sourcecode.swift; path = HitTheTreeOnSwiftUIUITests.swift; sourceTree = "<group>"; };
		9AEC1E6F28ED9B7100A93DDC /* HitTheTreeOnSwiftUIUITestsLaunchTests.swift */ = {isa = PBXFileReference; lastKnownFileType = sourcecode.swift; path = HitTheTreeOnSwiftUIUITestsLaunchTests.swift; sourceTree = "<group>"; };
		9AEC1E7C28F0020600A93DDC /* art.scnassets */ = {isa = PBXFileReference; lastKnownFileType = wrapper.scnassets; path = art.scnassets; sourceTree = "<group>"; };
		9AEC1E7E28FD16C800A93DDC /* MainSceneView.swift */ = {isa = PBXFileReference; lastKnownFileType = sourcecode.swift; path = MainSceneView.swift; sourceTree = "<group>"; };
		9AEC1E8028FD171800A93DDC /* MainSceneViewModel.swift */ = {isa = PBXFileReference; lastKnownFileType = sourcecode.swift; path = MainSceneViewModel.swift; sourceTree = "<group>"; };
/* End PBXFileReference section */

/* Begin PBXFrameworksBuildPhase section */
		9AEC1E4C28ED9B6F00A93DDC /* Frameworks */ = {
			isa = PBXFrameworksBuildPhase;
			buildActionMask = 2147483647;
			files = (
			);
			runOnlyForDeploymentPostprocessing = 0;
		};
		9AEC1E5C28ED9B7100A93DDC /* Frameworks */ = {
			isa = PBXFrameworksBuildPhase;
			buildActionMask = 2147483647;
			files = (
			);
			runOnlyForDeploymentPostprocessing = 0;
		};
		9AEC1E6628ED9B7100A93DDC /* Frameworks */ = {
			isa = PBXFrameworksBuildPhase;
			buildActionMask = 2147483647;
			files = (
			);
			runOnlyForDeploymentPostprocessing = 0;
		};
/* End PBXFrameworksBuildPhase section */

/* Begin PBXGroup section */
		9AEC1E4628ED9B6F00A93DDC = {
			isa = PBXGroup;
			children = (
				9AEC1E5128ED9B6F00A93DDC /* HitTheTreeOnSwiftUI */,
				9AEC1E6228ED9B7100A93DDC /* HitTheTreeOnSwiftUITests */,
				9AEC1E6C28ED9B7100A93DDC /* HitTheTreeOnSwiftUIUITests */,
				9AEC1E5028ED9B6F00A93DDC /* Products */,
			);
			sourceTree = "<group>";
		};
		9AEC1E5028ED9B6F00A93DDC /* Products */ = {
			isa = PBXGroup;
			children = (
				9AEC1E4F28ED9B6F00A93DDC /* HitTheTreeOnSwiftUI.app */,
				9AEC1E5F28ED9B7100A93DDC /* HitTheTreeOnSwiftUITests.xctest */,
				9AEC1E6928ED9B7100A93DDC /* HitTheTreeOnSwiftUIUITests.xctest */,
			);
			name = Products;
			sourceTree = "<group>";
		};
		9AEC1E5128ED9B6F00A93DDC /* HitTheTreeOnSwiftUI */ = {
			isa = PBXGroup;
			children = (
				9AEC1E5228ED9B6F00A93DDC /* HitTheTreeOnSwiftUIApp.swift */,
				9AEC1E5428ED9B6F00A93DDC /* ContentView.swift */,
				9AEC1E7E28FD16C800A93DDC /* MainSceneView.swift */,
				9AEC1E5628ED9B7000A93DDC /* Assets.xcassets */,
				9AEC1E5828ED9B7000A93DDC /* Preview Content */,
				9AEC1E7C28F0020600A93DDC /* art.scnassets */,
				9AEC1E8028FD171800A93DDC /* MainSceneViewModel.swift */,
			);
			path = HitTheTreeOnSwiftUI;
			sourceTree = "<group>";
		};
		9AEC1E5828ED9B7000A93DDC /* Preview Content */ = {
			isa = PBXGroup;
			children = (
				9AEC1E5928ED9B7000A93DDC /* Preview Assets.xcassets */,
			);
			path = "Preview Content";
			sourceTree = "<group>";
		};
		9AEC1E6228ED9B7100A93DDC /* HitTheTreeOnSwiftUITests */ = {
			isa = PBXGroup;
			children = (
				9AEC1E6328ED9B7100A93DDC /* HitTheTreeOnSwiftUITests.swift */,
			);
			path = HitTheTreeOnSwiftUITests;
			sourceTree = "<group>";
		};
		9AEC1E6C28ED9B7100A93DDC /* HitTheTreeOnSwiftUIUITests */ = {
			isa = PBXGroup;
			children = (
				9AEC1E6D28ED9B7100A93DDC /* HitTheTreeOnSwiftUIUITests.swift */,
				9AEC1E6F28ED9B7100A93DDC /* HitTheTreeOnSwiftUIUITestsLaunchTests.swift */,
			);
			path = HitTheTreeOnSwiftUIUITests;
			sourceTree = "<group>";
		};
/* End PBXGroup section */

/* Begin PBXNativeTarget section */
		9AEC1E4E28ED9B6F00A93DDC /* HitTheTreeOnSwiftUI */ = {
			isa = PBXNativeTarget;
			buildConfigurationList = 9AEC1E7328ED9B7100A93DDC /* Build configuration list for PBXNativeTarget "HitTheTreeOnSwiftUI" */;
			buildPhases = (
				9AEC1E4B28ED9B6F00A93DDC /* Sources */,
				9AEC1E4C28ED9B6F00A93DDC /* Frameworks */,
				9AEC1E4D28ED9B6F00A93DDC /* Resources */,
			);
			buildRules = (
			);
			dependencies = (
			);
			name = HitTheTreeOnSwiftUI;
			productName = HitTheTreeOnSwiftUI;
			productReference = 9AEC1E4F28ED9B6F00A93DDC /* HitTheTreeOnSwiftUI.app */;
			productType = "com.apple.product-type.application";
		};
		9AEC1E5E28ED9B7100A93DDC /* HitTheTreeOnSwiftUITests */ = {
			isa = PBXNativeTarget;
			buildConfigurationList = 9AEC1E7628ED9B7100A93DDC /* Build configuration list for PBXNativeTarget "HitTheTreeOnSwiftUITests" */;
			buildPhases = (
				9AEC1E5B28ED9B7100A93DDC /* Sources */,
				9AEC1E5C28ED9B7100A93DDC /* Frameworks */,
				9AEC1E5D28ED9B7100A93DDC /* Resources */,
			);
			buildRules = (
			);
			dependencies = (
				9AEC1E6128ED9B7100A93DDC /* PBXTargetDependency */,
			);
			name = HitTheTreeOnSwiftUITests;
			productName = HitTheTreeOnSwiftUITests;
			productReference = 9AEC1E5F28ED9B7100A93DDC /* HitTheTreeOnSwiftUITests.xctest */;
			productType = "com.apple.product-type.bundle.unit-test";
		};
		9AEC1E6828ED9B7100A93DDC /* HitTheTreeOnSwiftUIUITests */ = {
			isa = PBXNativeTarget;
			buildConfigurationList = 9AEC1E7928ED9B7100A93DDC /* Build configuration list for PBXNativeTarget "HitTheTreeOnSwiftUIUITests" */;
			buildPhases = (
				9AEC1E6528ED9B7100A93DDC /* Sources */,
				9AEC1E6628ED9B7100A93DDC /* Frameworks */,
				9AEC1E6728ED9B7100A93DDC /* Resources */,
			);
			buildRules = (
			);
			dependencies = (
				9AEC1E6B28ED9B7100A93DDC /* PBXTargetDependency */,
			);
			name = HitTheTreeOnSwiftUIUITests;
			productName = HitTheTreeOnSwiftUIUITests;
			productReference = 9AEC1E6928ED9B7100A93DDC /* HitTheTreeOnSwiftUIUITests.xctest */;
			productType = "com.apple.product-type.bundle.ui-testing";
		};
/* End PBXNativeTarget section */

/* Begin PBXProject section */
		9AEC1E4728ED9B6F00A93DDC /* Project object */ = {
			isa = PBXProject;
			attributes = {
				BuildIndependentTargetsInParallel = 1;
				LastSwiftUpdateCheck = 1400;
				LastUpgradeCheck = 1400;
				TargetAttributes = {
					9AEC1E4E28ED9B6F00A93DDC = {
						CreatedOnToolsVersion = 14.0.1;
					};
					9AEC1E5E28ED9B7100A93DDC = {
						CreatedOnToolsVersion = 14.0.1;
						TestTargetID = 9AEC1E4E28ED9B6F00A93DDC;
					};
					9AEC1E6828ED9B7100A93DDC = {
						CreatedOnToolsVersion = 14.0.1;
						TestTargetID = 9AEC1E4E28ED9B6F00A93DDC;
					};
				};
			};
			buildConfigurationList = 9AEC1E4A28ED9B6F00A93DDC /* Build configuration list for PBXProject "HitTheTreeOnSwiftUI" */;
			compatibilityVersion = "Xcode 14.0";
			developmentRegion = en;
			hasScannedForEncodings = 0;
			knownRegions = (
				en,
				Base,
			);
			mainGroup = 9AEC1E4628ED9B6F00A93DDC;
			productRefGroup = 9AEC1E5028ED9B6F00A93DDC /* Products */;
			projectDirPath = "";
			projectRoot = "";
			targets = (
				9AEC1E4E28ED9B6F00A93DDC /* HitTheTreeOnSwiftUI */,
				9AEC1E5E28ED9B7100A93DDC /* HitTheTreeOnSwiftUITests */,
				9AEC1E6828ED9B7100A93DDC /* HitTheTreeOnSwiftUIUITests */,
			);
		};
/* End PBXProject section */

/* Begin PBXResourcesBuildPhase section */
		9AEC1E4D28ED9B6F00A93DDC /* Resources */ = {
			isa = PBXResourcesBuildPhase;
			buildActionMask = 2147483647;
			files = (
				9AEC1E5A28ED9B7000A93DDC /* Preview Assets.xcassets in Resources */,
				9AEC1E7D28F0020600A93DDC /* art.scnassets in Resources */,
				9AEC1E5728ED9B7000A93DDC /* Assets.xcassets in Resources */,
			);
			runOnlyForDeploymentPostprocessing = 0;
		};
		9AEC1E5D28ED9B7100A93DDC /* Resources */ = {
			isa = PBXResourcesBuildPhase;
			buildActionMask = 2147483647;
			files = (
			);
			runOnlyForDeploymentPostprocessing = 0;
		};
		9AEC1E6728ED9B7100A93DDC /* Resources */ = {
			isa = PBXResourcesBuildPhase;
			buildActionMask = 2147483647;
			files = (
			);
			runOnlyForDeploymentPostprocessing = 0;
		};
/* End PBXResourcesBuildPhase section */

/* Begin PBXSourcesBuildPhase section */
		9AEC1E4B28ED9B6F00A93DDC /* Sources */ = {
			isa = PBXSourcesBuildPhase;
			buildActionMask = 2147483647;
			files = (
				9AEC1E5528ED9B6F00A93DDC /* ContentView.swift in Sources */,
				9AEC1E5328ED9B6F00A93DDC /* HitTheTreeOnSwiftUIApp.swift in Sources */,
				9AEC1E8128FD171800A93DDC /* MainSceneViewModel.swift in Sources */,
				9AEC1E7F28FD16C800A93DDC /* MainSceneView.swift in Sources */,
			);
			runOnlyForDeploymentPostprocessing = 0;
		};
		9AEC1E5B28ED9B7100A93DDC /* Sources */ = {
			isa = PBXSourcesBuildPhase;
			buildActionMask = 2147483647;
			files = (
				9AEC1E6428ED9B7100A93DDC /* HitTheTreeOnSwiftUITests.swift in Sources */,
			);
			runOnlyForDeploymentPostprocessing = 0;
		};
		9AEC1E6528ED9B7100A93DDC /* Sources */ = {
			isa = PBXSourcesBuildPhase;
			buildActionMask = 2147483647;
			files = (
				9AEC1E6E28ED9B7100A93DDC /* HitTheTreeOnSwiftUIUITests.swift in Sources */,
				9AEC1E7028ED9B7100A93DDC /* HitTheTreeOnSwiftUIUITestsLaunchTests.swift in Sources */,
			);
			runOnlyForDeploymentPostprocessing = 0;
		};
/* End PBXSourcesBuildPhase section */

/* Begin PBXTargetDependency section */
		9AEC1E6128ED9B7100A93DDC /* PBXTargetDependency */ = {
			isa = PBXTargetDependency;
			target = 9AEC1E4E28ED9B6F00A93DDC /* HitTheTreeOnSwiftUI */;
			targetProxy = 9AEC1E6028ED9B7100A93DDC /* PBXContainerItemProxy */;
		};
		9AEC1E6B28ED9B7100A93DDC /* PBXTargetDependency */ = {
			isa = PBXTargetDependency;
			target = 9AEC1E4E28ED9B6F00A93DDC /* HitTheTreeOnSwiftUI */;
			targetProxy = 9AEC1E6A28ED9B7100A93DDC /* PBXContainerItemProxy */;
		};
/* End PBXTargetDependency section */

/* Begin XCBuildConfiguration section */
		9AEC1E7128ED9B7100A93DDC /* Debug */ = {
			isa = XCBuildConfiguration;
			buildSettings = {
				ALWAYS_SEARCH_USER_PATHS = NO;
				CLANG_ANALYZER_NONNULL = YES;
				CLANG_ANALYZER_NUMBER_OBJECT_CONVERSION = YES_AGGRESSIVE;
				CLANG_CXX_LANGUAGE_STANDARD = "gnu++20";
				CLANG_ENABLE_MODULES = YES;
				CLANG_ENABLE_OBJC_ARC = YES;
				CLANG_ENABLE_OBJC_WEAK = YES;
				CLANG_WARN_BLOCK_CAPTURE_AUTORELEASING = YES;
				CLANG_WARN_BOOL_CONVERSION = YES;
				CLANG_WARN_COMMA = YES;
				CLANG_WARN_CONSTANT_CONVERSION = YES;
				CLANG_WARN_DEPRECATED_OBJC_IMPLEMENTATIONS = YES;
				CLANG_WARN_DIRECT_OBJC_ISA_USAGE = YES_ERROR;
				CLANG_WARN_DOCUMENTATION_COMMENTS = YES;
				CLANG_WARN_EMPTY_BODY = YES;
				CLANG_WARN_ENUM_CONVERSION = YES;
				CLANG_WARN_INFINITE_RECURSION = YES;
				CLANG_WARN_INT_CONVERSION = YES;
				CLANG_WARN_NON_LITERAL_NULL_CONVERSION = YES;
				CLANG_WARN_OBJC_IMPLICIT_RETAIN_SELF = YES;
				CLANG_WARN_OBJC_LITERAL_CONVERSION = YES;
				CLANG_WARN_OBJC_ROOT_CLASS = YES_ERROR;
				CLANG_WARN_QUOTED_INCLUDE_IN_FRAMEWORK_HEADER = YES;
				CLANG_WARN_RANGE_LOOP_ANALYSIS = YES;
				CLANG_WARN_STRICT_PROTOTYPES = YES;
				CLANG_WARN_SUSPICIOUS_MOVE = YES;
				CLANG_WARN_UNGUARDED_AVAILABILITY = YES_AGGRESSIVE;
				CLANG_WARN_UNREACHABLE_CODE = YES;
				CLANG_WARN__DUPLICATE_METHOD_MATCH = YES;
				COPY_PHASE_STRIP = NO;
				DEBUG_INFORMATION_FORMAT = dwarf;
				ENABLE_STRICT_OBJC_MSGSEND = YES;
				ENABLE_TESTABILITY = YES;
				GCC_C_LANGUAGE_STANDARD = gnu11;
				GCC_DYNAMIC_NO_PIC = NO;
				GCC_NO_COMMON_BLOCKS = YES;
				GCC_OPTIMIZATION_LEVEL = 0;
				GCC_PREPROCESSOR_DEFINITIONS = (
					"DEBUG=1",
					"$(inherited)",
				);
				GCC_WARN_64_TO_32_BIT_CONVERSION = YES;
				GCC_WARN_ABOUT_RETURN_TYPE = YES_ERROR;
				GCC_WARN_UNDECLARED_SELECTOR = YES;
				GCC_WARN_UNINITIALIZED_AUTOS = YES_AGGRESSIVE;
				GCC_WARN_UNUSED_FUNCTION = YES;
				GCC_WARN_UNUSED_VARIABLE = YES;
				IPHONEOS_DEPLOYMENT_TARGET = 16.0;
				MTL_ENABLE_DEBUG_INFO = INCLUDE_SOURCE;
				MTL_FAST_MATH = YES;
				ONLY_ACTIVE_ARCH = YES;
				SDKROOT = iphoneos;
				SWIFT_ACTIVE_COMPILATION_CONDITIONS = DEBUG;
				SWIFT_OPTIMIZATION_LEVEL = "-Onone";
			};
			name = Debug;
		};
		9AEC1E7228ED9B7100A93DDC /* Release */ = {
			isa = XCBuildConfiguration;
			buildSettings = {
				ALWAYS_SEARCH_USER_PATHS = NO;
				CLANG_ANALYZER_NONNULL = YES;
				CLANG_ANALYZER_NUMBER_OBJECT_CONVERSION = YES_AGGRESSIVE;
				CLANG_CXX_LANGUAGE_STANDARD = "gnu++20";
				CLANG_ENABLE_MODULES = YES;
				CLANG_ENABLE_OBJC_ARC = YES;
				CLANG_ENABLE_OBJC_WEAK = YES;
				CLANG_WARN_BLOCK_CAPTURE_AUTORELEASING = YES;
				CLANG_WARN_BOOL_CONVERSION = YES;
				CLANG_WARN_COMMA = YES;
				CLANG_WARN_CONSTANT_CONVERSION = YES;
				CLANG_WARN_DEPRECATED_OBJC_IMPLEMENTATIONS = YES;
				CLANG_WARN_DIRECT_OBJC_ISA_USAGE = YES_ERROR;
				CLANG_WARN_DOCUMENTATION_COMMENTS = YES;
				CLANG_WARN_EMPTY_BODY = YES;
				CLANG_WARN_ENUM_CONVERSION = YES;
				CLANG_WARN_INFINITE_RECURSION = YES;
				CLANG_WARN_INT_CONVERSION = YES;
				CLANG_WARN_NON_LITERAL_NULL_CONVERSION = YES;
				CLANG_WARN_OBJC_IMPLICIT_RETAIN_SELF = YES;
				CLANG_WARN_OBJC_LITERAL_CONVERSION = YES;
				CLANG_WARN_OBJC_ROOT_CLASS = YES_ERROR;
				CLANG_WARN_QUOTED_INCLUDE_IN_FRAMEWORK_HEADER = YES;
				CLANG_WARN_RANGE_LOOP_ANALYSIS = YES;
				CLANG_WARN_STRICT_PROTOTYPES = YES;
				CLANG_WARN_SUSPICIOUS_MOVE = YES;
				CLANG_WARN_UNGUARDED_AVAILABILITY = YES_AGGRESSIVE;
				CLANG_WARN_UNREACHABLE_CODE = YES;
				CLANG_WARN__DUPLICATE_METHOD_MATCH = YES;
				COPY_PHASE_STRIP = NO;
				DEBUG_INFORMATION_FORMAT = "dwarf-with-dsym";
				ENABLE_NS_ASSERTIONS = NO;
				ENABLE_STRICT_OBJC_MSGSEND = YES;
				GCC_C_LANGUAGE_STANDARD = gnu11;
				GCC_NO_COMMON_BLOCKS = YES;
				GCC_WARN_64_TO_32_BIT_CONVERSION = YES;
				GCC_WARN_ABOUT_RETURN_TYPE = YES_ERROR;
				GCC_WARN_UNDECLARED_SELECTOR = YES;
				GCC_WARN_UNINITIALIZED_AUTOS = YES_AGGRESSIVE;
				GCC_WARN_UNUSED_FUNCTION = YES;
				GCC_WARN_UNUSED_VARIABLE = YES;
				IPHONEOS_DEPLOYMENT_TARGET = 16.0;
				MTL_ENABLE_DEBUG_INFO = NO;
				MTL_FAST_MATH = YES;
				SDKROOT = iphoneos;
				SWIFT_COMPILATION_MODE = wholemodule;
				SWIFT_OPTIMIZATION_LEVEL = "-O";
				VALIDATE_PRODUCT = YES;
			};
			name = Release;
		};
		9AEC1E7428ED9B7100A93DDC /* Debug */ = {
			isa = XCBuildConfiguration;
			buildSettings = {
				ASSETCATALOG_COMPILER_APPICON_NAME = AppIcon;
				ASSETCATALOG_COMPILER_GLOBAL_ACCENT_COLOR_NAME = AccentColor;
				CODE_SIGN_STYLE = Automatic;
				CURRENT_PROJECT_VERSION = 1;
				DEVELOPMENT_ASSET_PATHS = "\"HitTheTreeOnSwiftUI/Preview Content\"";
				DEVELOPMENT_TEAM = GY636G2259;
				ENABLE_PREVIEWS = YES;
				GENERATE_INFOPLIST_FILE = YES;
				INFOPLIST_KEY_UIApplicationSceneManifest_Generation = YES;
				INFOPLIST_KEY_UIApplicationSupportsIndirectInputEvents = YES;
				INFOPLIST_KEY_UILaunchScreen_Generation = YES;
				INFOPLIST_KEY_UISupportedInterfaceOrientations_iPad = "UIInterfaceOrientationPortrait UIInterfaceOrientationPortraitUpsideDown UIInterfaceOrientationLandscapeLeft UIInterfaceOrientationLandscapeRight";
				INFOPLIST_KEY_UISupportedInterfaceOrientations_iPhone = "UIInterfaceOrientationPortrait UIInterfaceOrientationLandscapeLeft UIInterfaceOrientationLandscapeRight";
				LD_RUNPATH_SEARCH_PATHS = (
					"$(inherited)",
					"@executable_path/Frameworks",
				);
				MARKETING_VERSION = 1.0;
				PRODUCT_BUNDLE_IDENTIFIER = com.kokiTakashiki.HitTheTreeOnSwiftUI;
				PRODUCT_NAME = "$(TARGET_NAME)";
				SWIFT_EMIT_LOC_STRINGS = YES;
				SWIFT_VERSION = 5.0;
				TARGETED_DEVICE_FAMILY = "1,2";
			};
			name = Debug;
		};
		9AEC1E7528ED9B7100A93DDC /* Release */ = {
			isa = XCBuildConfiguration;
			buildSettings = {
				ASSETCATALOG_COMPILER_APPICON_NAME = AppIcon;
				ASSETCATALOG_COMPILER_GLOBAL_ACCENT_COLOR_NAME = AccentColor;
				CODE_SIGN_STYLE = Automatic;
				CURRENT_PROJECT_VERSION = 1;
				DEVELOPMENT_ASSET_PATHS = "\"HitTheTreeOnSwiftUI/Preview Content\"";
				DEVELOPMENT_TEAM = GY636G2259;
				ENABLE_PREVIEWS = YES;
				GENERATE_INFOPLIST_FILE = YES;
				INFOPLIST_KEY_UIApplicationSceneManifest_Generation = YES;
				INFOPLIST_KEY_UIApplicationSupportsIndirectInputEvents = YES;
				INFOPLIST_KEY_UILaunchScreen_Generation = YES;
				INFOPLIST_KEY_UISupportedInterfaceOrientations_iPad = "UIInterfaceOrientationPortrait UIInterfaceOrientationPortraitUpsideDown UIInterfaceOrientationLandscapeLeft UIInterfaceOrientationLandscapeRight";
				INFOPLIST_KEY_UISupportedInterfaceOrientations_iPhone = "UIInterfaceOrientationPortrait UIInterfaceOrientationLandscapeLeft UIInterfaceOrientationLandscapeRight";
				LD_RUNPATH_SEARCH_PATHS = (
					"$(inherited)",
					"@executable_path/Frameworks",
				);
				MARKETING_VERSION = 1.0;
				PRODUCT_BUNDLE_IDENTIFIER = com.kokiTakashiki.HitTheTreeOnSwiftUI;
				PRODUCT_NAME = "$(TARGET_NAME)";
				SWIFT_EMIT_LOC_STRINGS = YES;
				SWIFT_VERSION = 5.0;
				TARGETED_DEVICE_FAMILY = "1,2";
			};
			name = Release;
		};
		9AEC1E7728ED9B7100A93DDC /* Debug */ = {
			isa = XCBuildConfiguration;
			buildSettings = {
				ALWAYS_EMBED_SWIFT_STANDARD_LIBRARIES = YES;
				BUNDLE_LOADER = "$(TEST_HOST)";
				CODE_SIGN_STYLE = Automatic;
				CURRENT_PROJECT_VERSION = 1;
				DEVELOPMENT_TEAM = GY636G2259;
				GENERATE_INFOPLIST_FILE = YES;
				IPHONEOS_DEPLOYMENT_TARGET = 16.0;
				MARKETING_VERSION = 1.0;
				PRODUCT_BUNDLE_IDENTIFIER = com.kokiTakashiki.HitTheTreeOnSwiftUITests;
				PRODUCT_NAME = "$(TARGET_NAME)";
				SWIFT_EMIT_LOC_STRINGS = NO;
				SWIFT_VERSION = 5.0;
				TARGETED_DEVICE_FAMILY = "1,2";
				TEST_HOST = "$(BUILT_PRODUCTS_DIR)/HitTheTreeOnSwiftUI.app/$(BUNDLE_EXECUTABLE_FOLDER_PATH)/HitTheTreeOnSwiftUI";
			};
			name = Debug;
		};
		9AEC1E7828ED9B7100A93DDC /* Release */ = {
			isa = XCBuildConfiguration;
			buildSettings = {
				ALWAYS_EMBED_SWIFT_STANDARD_LIBRARIES = YES;
				BUNDLE_LOADER = "$(TEST_HOST)";
				CODE_SIGN_STYLE = Automatic;
				CURRENT_PROJECT_VERSION = 1;
				DEVELOPMENT_TEAM = GY636G2259;
				GENERATE_INFOPLIST_FILE = YES;
				IPHONEOS_DEPLOYMENT_TARGET = 16.0;
				MARKETING_VERSION = 1.0;
				PRODUCT_BUNDLE_IDENTIFIER = com.kokiTakashiki.HitTheTreeOnSwiftUITests;
				PRODUCT_NAME = "$(TARGET_NAME)";
				SWIFT_EMIT_LOC_STRINGS = NO;
				SWIFT_VERSION = 5.0;
				TARGETED_DEVICE_FAMILY = "1,2";
				TEST_HOST = "$(BUILT_PRODUCTS_DIR)/HitTheTreeOnSwiftUI.app/$(BUNDLE_EXECUTABLE_FOLDER_PATH)/HitTheTreeOnSwiftUI";
			};
			name = Release;
		};
		9AEC1E7A28ED9B7100A93DDC /* Debug */ = {
			isa = XCBuildConfiguration;
			buildSettings = {
				ALWAYS_EMBED_SWIFT_STANDARD_LIBRARIES = YES;
				CODE_SIGN_STYLE = Automatic;
				CURRENT_PROJECT_VERSION = 1;
				DEVELOPMENT_TEAM = GY636G2259;
				GENERATE_INFOPLIST_FILE = YES;
				MARKETING_VERSION = 1.0;
				PRODUCT_BUNDLE_IDENTIFIER = com.kokiTakashiki.HitTheTreeOnSwiftUIUITests;
				PRODUCT_NAME = "$(TARGET_NAME)";
				SWIFT_EMIT_LOC_STRINGS = NO;
				SWIFT_VERSION = 5.0;
				TARGETED_DEVICE_FAMILY = "1,2";
				TEST_TARGET_NAME = HitTheTreeOnSwiftUI;
			};
			name = Debug;
		};
		9AEC1E7B28ED9B7100A93DDC /* Release */ = {
			isa = XCBuildConfiguration;
			buildSettings = {
				ALWAYS_EMBED_SWIFT_STANDARD_LIBRARIES = YES;
				CODE_SIGN_STYLE = Automatic;
				CURRENT_PROJECT_VERSION = 1;
				DEVELOPMENT_TEAM = GY636G2259;
				GENERATE_INFOPLIST_FILE = YES;
				MARKETING_VERSION = 1.0;
				PRODUCT_BUNDLE_IDENTIFIER = com.kokiTakashiki.HitTheTreeOnSwiftUIUITests;
				PRODUCT_NAME = "$(TARGET_NAME)";
				SWIFT_EMIT_LOC_STRINGS = NO;
				SWIFT_VERSION = 5.0;
				TARGETED_DEVICE_FAMILY = "1,2";
				TEST_TARGET_NAME = HitTheTreeOnSwiftUI;
			};
			name = Release;
		};
/* End XCBuildConfiguration section */

/* Begin XCConfigurationList section */
		9AEC1E4A28ED9B6F00A93DDC /* Build configuration list for PBXProject "HitTheTreeOnSwiftUI" */ = {
			isa = XCConfigurationList;
			buildConfigurations = (
				9AEC1E7128ED9B7100A93DDC /* Debug */,
				9AEC1E7228ED9B7100A93DDC /* Release */,
			);
			defaultConfigurationIsVisible = 0;
			defaultConfigurationName = Release;
		};
		9AEC1E7328ED9B7100A93DDC /* Build configuration list for PBXNativeTarget "HitTheTreeOnSwiftUI" */ = {
			isa = XCConfigurationList;
			buildConfigurations = (
				9AEC1E7428ED9B7100A93DDC /* Debug */,
				9AEC1E7528ED9B7100A93DDC /* Release */,
			);
			defaultConfigurationIsVisible = 0;
			defaultConfigurationName = Release;
		};
		9AEC1E7628ED9B7100A93DDC /* Build configuration list for PBXNativeTarget "HitTheTreeOnSwiftUITests" */ = {
			isa = XCConfigurationList;
			buildConfigurations = (
				9AEC1E7728ED9B7100A93DDC /* Debug */,
				9AEC1E7828ED9B7100A93DDC /* Release */,
			);
			defaultConfigurationIsVisible = 0;
			defaultConfigurationName = Release;
		};
		9AEC1E7928ED9B7100A93DDC /* Build configuration list for PBXNativeTarget "HitTheTreeOnSwiftUIUITests" */ = {
			isa = XCConfigurationList;
			buildConfigurations = (
				9AEC1E7A28ED9B7100A93DDC /* Debug */,
				9AEC1E7B28ED9B7100A93DDC /* Release */,
			);
			defaultConfigurationIsVisible = 0;
			defaultConfigurationName = Release;
		};
/* End XCConfigurationList section */
	};
	rootObject = 9AEC1E4728ED9B6F00A93DDC /* Project object */;
}
