// !$*UTF8*$!
{
	archiveVersion = 1;
	classes = {
	};
	objectVersion = 55;
	objects = {

/* Begin PBXBuildFile section */
		9A55CEE628CBB49400E4668F /* MatrixView.swift in Sources */ = {isa = PBXBuildFile; fileRef = 9A55CEE528CBB49400E4668F /* MatrixView.swift */; };
		9A55CEE828CCB89000E4668F /* ContentViewTab.swift in Sources */ = {isa = PBXBuildFile; fileRef = 9A55CEE728CCB89000E4668F /* ContentViewTab.swift */; };
		9A55CEEA28CCC13600E4668F /* SubContentView.swift in Sources */ = {isa = PBXBuildFile; fileRef = 9A55CEE928CCC13600E4668F /* SubContentView.swift */; };
		9A55CEED28CCC38E00E4668F /* ListViewModel.swift in Sources */ = {isa = PBXBuildFile; fileRef = 9A55CEEC28CCC38E00E4668F /* ListViewModel.swift */; };
		9A55CEF028CCC49C00E4668F /* InifiniteListTest.swift in Sources */ = {isa = PBXBuildFile; fileRef = 9A55CEEF28CCC49C00E4668F /* InifiniteListTest.swift */; };
		9A55CEF328CCC4E900E4668F /* InfiniteList.swift in Sources */ = {isa = PBXBuildFile; fileRef = 9A55CEF228CCC4E900E4668F /* InfiniteList.swift */; };
		9A55CEF528CCD19C00E4668F /* ObservableScrollView.swift in Sources */ = {isa = PBXBuildFile; fileRef = 9A55CEF428CCD19C00E4668F /* ObservableScrollView.swift */; };
		9A66C38928CB9B7000C0428E /* HideableTabBarView.swift in Sources */ = {isa = PBXBuildFile; fileRef = 9A66C38828CB9B7000C0428E /* HideableTabBarView.swift */; };
		9A82C70228D0023A00F75DA7 /* SafariTabBar.swift in Sources */ = {isa = PBXBuildFile; fileRef = 9A82C70128D0023A00F75DA7 /* SafariTabBar.swift */; };
		9A82C70528D0025900F75DA7 /* Home.swift in Sources */ = {isa = PBXBuildFile; fileRef = 9A82C70428D0025900F75DA7 /* Home.swift */; };
		9A82C70728D0084D00F75DA7 /* BottomBarViewModel.swift in Sources */ = {isa = PBXBuildFile; fileRef = 9A82C70628D0084D00F75DA7 /* BottomBarViewModel.swift */; };
		9AB4F7DA28CB61B7003BDB56 /* HiddenAnimationTabBar_iOS14SupportApp.swift in Sources */ = {isa = PBXBuildFile; fileRef = 9AB4F7D928CB61B7003BDB56 /* HiddenAnimationTabBar_iOS14SupportApp.swift */; };
		9AB4F7DC28CB61B7003BDB56 /* ContentView.swift in Sources */ = {isa = PBXBuildFile; fileRef = 9AB4F7DB28CB61B7003BDB56 /* ContentView.swift */; };
		9AB4F7DE28CB61B8003BDB56 /* Assets.xcassets in Resources */ = {isa = PBXBuildFile; fileRef = 9AB4F7DD28CB61B8003BDB56 /* Assets.xcassets */; };
		9AB4F7E128CB61B8003BDB56 /* Preview Assets.xcassets in Resources */ = {isa = PBXBuildFile; fileRef = 9AB4F7E028CB61B8003BDB56 /* Preview Assets.xcassets */; };
		9AB4F7EB28CB61B8003BDB56 /* HiddenAnimationTabBar_iOS14SupportTests.swift in Sources */ = {isa = PBXBuildFile; fileRef = 9AB4F7EA28CB61B8003BDB56 /* HiddenAnimationTabBar_iOS14SupportTests.swift */; };
		9AB4F7F528CB61B8003BDB56 /* HiddenAnimationTabBar_iOS14SupportUITests.swift in Sources */ = {isa = PBXBuildFile; fileRef = 9AB4F7F428CB61B8003BDB56 /* HiddenAnimationTabBar_iOS14SupportUITests.swift */; };
		9AB4F7F728CB61B8003BDB56 /* HiddenAnimationTabBar_iOS14SupportUITestsLaunchTests.swift in Sources */ = {isa = PBXBuildFile; fileRef = 9AB4F7F628CB61B8003BDB56 /* HiddenAnimationTabBar_iOS14SupportUITestsLaunchTests.swift */; };
		9AB4F80528CB6348003BDB56 /* CustomTabBarGenericView.swift in Sources */ = {isa = PBXBuildFile; fileRef = 9AB4F80428CB6348003BDB56 /* CustomTabBarGenericView.swift */; };
		9AB4F80728CB63B7003BDB56 /* ContentViewTabBarContainerView.swift in Sources */ = {isa = PBXBuildFile; fileRef = 9AB4F80628CB63B7003BDB56 /* ContentViewTabBarContainerView.swift */; };
		9AB4F80A28CB6416003BDB56 /* TabBarItem.swift in Sources */ = {isa = PBXBuildFile; fileRef = 9AB4F80928CB6416003BDB56 /* TabBarItem.swift */; };
		9AB4F80D28CB6457003BDB56 /* TabBarItemsPreferenceKey.swift in Sources */ = {isa = PBXBuildFile; fileRef = 9AB4F80C28CB6457003BDB56 /* TabBarItemsPreferenceKey.swift */; };
		9AB4F81028CB64A6003BDB56 /* View+isHidden.swift in Sources */ = {isa = PBXBuildFile; fileRef = 9AB4F80F28CB64A6003BDB56 /* View+isHidden.swift */; };
		9AB4F81428CB64DF003BDB56 /* HiddenTabBarKey.swift in Sources */ = {isa = PBXBuildFile; fileRef = 9AB4F81328CB64DF003BDB56 /* HiddenTabBarKey.swift */; };
		9AB4F81628CB64F9003BDB56 /* CustomTabViewPresentModeSelectKey.swift in Sources */ = {isa = PBXBuildFile; fileRef = 9AB4F81528CB64F9003BDB56 /* CustomTabViewPresentModeSelectKey.swift */; };
/* End PBXBuildFile section */

/* Begin PBXContainerItemProxy section */
		9AB4F7E728CB61B8003BDB56 /* PBXContainerItemProxy */ = {
			isa = PBXContainerItemProxy;
			containerPortal = 9AB4F7CE28CB61B7003BDB56 /* Project object */;
			proxyType = 1;
			remoteGlobalIDString = 9AB4F7D528CB61B7003BDB56;
			remoteInfo = HiddenAnimationTabBar_iOS14Support;
		};
		9AB4F7F128CB61B8003BDB56 /* PBXContainerItemProxy */ = {
			isa = PBXContainerItemProxy;
			containerPortal = 9AB4F7CE28CB61B7003BDB56 /* Project object */;
			proxyType = 1;
			remoteGlobalIDString = 9AB4F7D528CB61B7003BDB56;
			remoteInfo = HiddenAnimationTabBar_iOS14Support;
		};
/* End PBXContainerItemProxy section */

/* Begin PBXFileReference section */
		9A55CEE528CBB49400E4668F /* MatrixView.swift */ = {isa = PBXFileReference; lastKnownFileType = sourcecode.swift; path = MatrixView.swift; sourceTree = "<group>"; };
		9A55CEE728CCB89000E4668F /* ContentViewTab.swift */ = {isa = PBXFileReference; lastKnownFileType = sourcecode.swift; path = ContentViewTab.swift; sourceTree = "<group>"; };
		9A55CEE928CCC13600E4668F /* SubContentView.swift */ = {isa = PBXFileReference; lastKnownFileType = sourcecode.swift; path = SubContentView.swift; sourceTree = "<group>"; };
		9A55CEEC28CCC38E00E4668F /* ListViewModel.swift */ = {isa = PBXFileReference; lastKnownFileType = sourcecode.swift; path = ListViewModel.swift; sourceTree = "<group>"; };
		9A55CEEF28CCC49C00E4668F /* InifiniteListTest.swift */ = {isa = PBXFileReference; lastKnownFileType = sourcecode.swift; path = InifiniteListTest.swift; sourceTree = "<group>"; };
		9A55CEF228CCC4E900E4668F /* InfiniteList.swift */ = {isa = PBXFileReference; lastKnownFileType = sourcecode.swift; path = InfiniteList.swift; sourceTree = "<group>"; };
		9A55CEF428CCD19C00E4668F /* ObservableScrollView.swift */ = {isa = PBXFileReference; lastKnownFileType = sourcecode.swift; path = ObservableScrollView.swift; sourceTree = "<group>"; };
		9A66C38828CB9B7000C0428E /* HideableTabBarView.swift */ = {isa = PBXFileReference; lastKnownFileType = sourcecode.swift; path = HideableTabBarView.swift; sourceTree = "<group>"; };
		9A82C70128D0023A00F75DA7 /* SafariTabBar.swift */ = {isa = PBXFileReference; lastKnownFileType = sourcecode.swift; path = SafariTabBar.swift; sourceTree = "<group>"; };
		9A82C70428D0025900F75DA7 /* Home.swift */ = {isa = PBXFileReference; lastKnownFileType = sourcecode.swift; path = Home.swift; sourceTree = "<group>"; };
		9A82C70628D0084D00F75DA7 /* BottomBarViewModel.swift */ = {isa = PBXFileReference; lastKnownFileType = sourcecode.swift; path = BottomBarViewModel.swift; sourceTree = "<group>"; };
		9AB4F7D628CB61B7003BDB56 /* HiddenAnimationTabBar_iOS14Support.app */ = {isa = PBXFileReference; explicitFileType = wrapper.application; includeInIndex = 0; path = HiddenAnimationTabBar_iOS14Support.app; sourceTree = BUILT_PRODUCTS_DIR; };
		9AB4F7D928CB61B7003BDB56 /* HiddenAnimationTabBar_iOS14SupportApp.swift */ = {isa = PBXFileReference; lastKnownFileType = sourcecode.swift; path = HiddenAnimationTabBar_iOS14SupportApp.swift; sourceTree = "<group>"; };
		9AB4F7DB28CB61B7003BDB56 /* ContentView.swift */ = {isa = PBXFileReference; lastKnownFileType = sourcecode.swift; path = ContentView.swift; sourceTree = "<group>"; };
		9AB4F7DD28CB61B8003BDB56 /* Assets.xcassets */ = {isa = PBXFileReference; lastKnownFileType = folder.assetcatalog; path = Assets.xcassets; sourceTree = "<group>"; };
		9AB4F7E028CB61B8003BDB56 /* Preview Assets.xcassets */ = {isa = PBXFileReference; lastKnownFileType = folder.assetcatalog; path = "Preview Assets.xcassets"; sourceTree = "<group>"; };
		9AB4F7E628CB61B8003BDB56 /* HiddenAnimationTabBar_iOS14SupportTests.xctest */ = {isa = PBXFileReference; explicitFileType = wrapper.cfbundle; includeInIndex = 0; path = HiddenAnimationTabBar_iOS14SupportTests.xctest; sourceTree = BUILT_PRODUCTS_DIR; };
		9AB4F7EA28CB61B8003BDB56 /* HiddenAnimationTabBar_iOS14SupportTests.swift */ = {isa = PBXFileReference; lastKnownFileType = sourcecode.swift; path = HiddenAnimationTabBar_iOS14SupportTests.swift; sourceTree = "<group>"; };
		9AB4F7F028CB61B8003BDB56 /* HiddenAnimationTabBar_iOS14SupportUITests.xctest */ = {isa = PBXFileReference; explicitFileType = wrapper.cfbundle; includeInIndex = 0; path = HiddenAnimationTabBar_iOS14SupportUITests.xctest; sourceTree = BUILT_PRODUCTS_DIR; };
		9AB4F7F428CB61B8003BDB56 /* HiddenAnimationTabBar_iOS14SupportUITests.swift */ = {isa = PBXFileReference; lastKnownFileType = sourcecode.swift; path = HiddenAnimationTabBar_iOS14SupportUITests.swift; sourceTree = "<group>"; };
		9AB4F7F628CB61B8003BDB56 /* HiddenAnimationTabBar_iOS14SupportUITestsLaunchTests.swift */ = {isa = PBXFileReference; lastKnownFileType = sourcecode.swift; path = HiddenAnimationTabBar_iOS14SupportUITestsLaunchTests.swift; sourceTree = "<group>"; };
		9AB4F80428CB6348003BDB56 /* CustomTabBarGenericView.swift */ = {isa = PBXFileReference; lastKnownFileType = sourcecode.swift; path = CustomTabBarGenericView.swift; sourceTree = "<group>"; };
		9AB4F80628CB63B7003BDB56 /* ContentViewTabBarContainerView.swift */ = {isa = PBXFileReference; lastKnownFileType = sourcecode.swift; path = ContentViewTabBarContainerView.swift; sourceTree = "<group>"; };
		9AB4F80928CB6416003BDB56 /* TabBarItem.swift */ = {isa = PBXFileReference; lastKnownFileType = sourcecode.swift; path = TabBarItem.swift; sourceTree = "<group>"; };
		9AB4F80C28CB6457003BDB56 /* TabBarItemsPreferenceKey.swift */ = {isa = PBXFileReference; lastKnownFileType = sourcecode.swift; path = TabBarItemsPreferenceKey.swift; sourceTree = "<group>"; };
		9AB4F80F28CB64A6003BDB56 /* View+isHidden.swift */ = {isa = PBXFileReference; lastKnownFileType = sourcecode.swift; path = "View+isHidden.swift"; sourceTree = "<group>"; };
		9AB4F81328CB64DF003BDB56 /* HiddenTabBarKey.swift */ = {isa = PBXFileReference; lastKnownFileType = sourcecode.swift; path = HiddenTabBarKey.swift; sourceTree = "<group>"; };
		9AB4F81528CB64F9003BDB56 /* CustomTabViewPresentModeSelectKey.swift */ = {isa = PBXFileReference; lastKnownFileType = sourcecode.swift; path = CustomTabViewPresentModeSelectKey.swift; sourceTree = "<group>"; };
/* End PBXFileReference section */

/* Begin PBXFrameworksBuildPhase section */
		9AB4F7D328CB61B7003BDB56 /* Frameworks */ = {
			isa = PBXFrameworksBuildPhase;
			buildActionMask = 2147483647;
			files = (
			);
			runOnlyForDeploymentPostprocessing = 0;
		};
		9AB4F7E328CB61B8003BDB56 /* Frameworks */ = {
			isa = PBXFrameworksBuildPhase;
			buildActionMask = 2147483647;
			files = (
			);
			runOnlyForDeploymentPostprocessing = 0;
		};
		9AB4F7ED28CB61B8003BDB56 /* Frameworks */ = {
			isa = PBXFrameworksBuildPhase;
			buildActionMask = 2147483647;
			files = (
			);
			runOnlyForDeploymentPostprocessing = 0;
		};
/* End PBXFrameworksBuildPhase section */

/* Begin PBXGroup section */
		9A55CEE428CBB47500E4668F /* Contents */ = {
			isa = PBXGroup;
			children = (
				9A55CEEF28CCC49C00E4668F /* InifiniteListTest.swift */,
				9A55CEE528CBB49400E4668F /* MatrixView.swift */,
				9A82C70328D0024B00F75DA7 /* SafariTabBar */,
			);
			path = Contents;
			sourceTree = "<group>";
		};
		9A55CEEB28CCC38400E4668F /* Model */ = {
			isa = PBXGroup;
			children = (
				9A55CEEC28CCC38E00E4668F /* ListViewModel.swift */,
				9A82C70628D0084D00F75DA7 /* BottomBarViewModel.swift */,
			);
			path = Model;
			sourceTree = "<group>";
		};
		9A55CEEE28CCC39500E4668F /* Views */ = {
			isa = PBXGroup;
			children = (
				9AB4F7DB28CB61B7003BDB56 /* ContentView.swift */,
				9A55CEE928CCC13600E4668F /* SubContentView.swift */,
				9AB4F80328CB6321003BDB56 /* TabBarView */,
				9A55CEE428CBB47500E4668F /* Contents */,
				9A55CEF128CCC4D300E4668F /* Parts */,
			);
			path = Views;
			sourceTree = "<group>";
		};
		9A55CEF128CCC4D300E4668F /* Parts */ = {
			isa = PBXGroup;
			children = (
				9A55CEF228CCC4E900E4668F /* InfiniteList.swift */,
				9A55CEF428CCD19C00E4668F /* ObservableScrollView.swift */,
			);
			path = Parts;
			sourceTree = "<group>";
		};
		9A82C70328D0024B00F75DA7 /* SafariTabBar */ = {
			isa = PBXGroup;
			children = (
				9A82C70128D0023A00F75DA7 /* SafariTabBar.swift */,
				9A82C70428D0025900F75DA7 /* Home.swift */,
			);
			path = SafariTabBar;
			sourceTree = "<group>";
		};
		9AB4F7CD28CB61B7003BDB56 = {
			isa = PBXGroup;
			children = (
				9AB4F7D828CB61B7003BDB56 /* HiddenAnimationTabBar_iOS14Support */,
				9AB4F7E928CB61B8003BDB56 /* HiddenAnimationTabBar_iOS14SupportTests */,
				9AB4F7F328CB61B8003BDB56 /* HiddenAnimationTabBar_iOS14SupportUITests */,
				9AB4F7D728CB61B7003BDB56 /* Products */,
			);
			sourceTree = "<group>";
		};
		9AB4F7D728CB61B7003BDB56 /* Products */ = {
			isa = PBXGroup;
			children = (
				9AB4F7D628CB61B7003BDB56 /* HiddenAnimationTabBar_iOS14Support.app */,
				9AB4F7E628CB61B8003BDB56 /* HiddenAnimationTabBar_iOS14SupportTests.xctest */,
				9AB4F7F028CB61B8003BDB56 /* HiddenAnimationTabBar_iOS14SupportUITests.xctest */,
			);
			name = Products;
			sourceTree = "<group>";
		};
		9AB4F7D828CB61B7003BDB56 /* HiddenAnimationTabBar_iOS14Support */ = {
			isa = PBXGroup;
			children = (
				9AB4F7D928CB61B7003BDB56 /* HiddenAnimationTabBar_iOS14SupportApp.swift */,
				9AB4F80E28CB648D003BDB56 /* Extension */,
				9AB4F80B28CB643F003BDB56 /* Keys */,
				9AB4F80828CB6401003BDB56 /* Entity */,
				9A55CEEE28CCC39500E4668F /* Views */,
				9A55CEEB28CCC38400E4668F /* Model */,
				9AB4F7DD28CB61B8003BDB56 /* Assets.xcassets */,
				9AB4F7DF28CB61B8003BDB56 /* Preview Content */,
			);
			path = HiddenAnimationTabBar_iOS14Support;
			sourceTree = "<group>";
		};
		9AB4F7DF28CB61B8003BDB56 /* Preview Content */ = {
			isa = PBXGroup;
			children = (
				9AB4F7E028CB61B8003BDB56 /* Preview Assets.xcassets */,
			);
			path = "Preview Content";
			sourceTree = "<group>";
		};
		9AB4F7E928CB61B8003BDB56 /* HiddenAnimationTabBar_iOS14SupportTests */ = {
			isa = PBXGroup;
			children = (
				9AB4F7EA28CB61B8003BDB56 /* HiddenAnimationTabBar_iOS14SupportTests.swift */,
			);
			path = HiddenAnimationTabBar_iOS14SupportTests;
			sourceTree = "<group>";
		};
		9AB4F7F328CB61B8003BDB56 /* HiddenAnimationTabBar_iOS14SupportUITests */ = {
			isa = PBXGroup;
			children = (
				9AB4F7F428CB61B8003BDB56 /* HiddenAnimationTabBar_iOS14SupportUITests.swift */,
				9AB4F7F628CB61B8003BDB56 /* HiddenAnimationTabBar_iOS14SupportUITestsLaunchTests.swift */,
			);
			path = HiddenAnimationTabBar_iOS14SupportUITests;
			sourceTree = "<group>";
		};
		9AB4F80328CB6321003BDB56 /* TabBarView */ = {
			isa = PBXGroup;
			children = (
				9A55CEE728CCB89000E4668F /* ContentViewTab.swift */,
				9A66C38828CB9B7000C0428E /* HideableTabBarView.swift */,
				9AB4F80628CB63B7003BDB56 /* ContentViewTabBarContainerView.swift */,
				9AB4F80428CB6348003BDB56 /* CustomTabBarGenericView.swift */,
			);
			path = TabBarView;
			sourceTree = "<group>";
		};
		9AB4F80828CB6401003BDB56 /* Entity */ = {
			isa = PBXGroup;
			children = (
				9AB4F80928CB6416003BDB56 /* TabBarItem.swift */,
			);
			path = Entity;
			sourceTree = "<group>";
		};
		9AB4F80B28CB643F003BDB56 /* Keys */ = {
			isa = PBXGroup;
			children = (
				9AB4F81228CB64CA003BDB56 /* EnvironmentKey */,
				9AB4F81128CB64C2003BDB56 /* PreferenceKey */,
			);
			path = Keys;
			sourceTree = "<group>";
		};
		9AB4F80E28CB648D003BDB56 /* Extension */ = {
			isa = PBXGroup;
			children = (
				9AB4F80F28CB64A6003BDB56 /* View+isHidden.swift */,
			);
			path = Extension;
			sourceTree = "<group>";
		};
		9AB4F81128CB64C2003BDB56 /* PreferenceKey */ = {
			isa = PBXGroup;
			children = (
				9AB4F80C28CB6457003BDB56 /* TabBarItemsPreferenceKey.swift */,
			);
			path = PreferenceKey;
			sourceTree = "<group>";
		};
		9AB4F81228CB64CA003BDB56 /* EnvironmentKey */ = {
			isa = PBXGroup;
			children = (
				9AB4F81328CB64DF003BDB56 /* HiddenTabBarKey.swift */,
				9AB4F81528CB64F9003BDB56 /* CustomTabViewPresentModeSelectKey.swift */,
			);
			path = EnvironmentKey;
			sourceTree = "<group>";
		};
/* End PBXGroup section */

/* Begin PBXNativeTarget section */
		9AB4F7D528CB61B7003BDB56 /* HiddenAnimationTabBar_iOS14Support */ = {
			isa = PBXNativeTarget;
			buildConfigurationList = 9AB4F7FA28CB61B8003BDB56 /* Build configuration list for PBXNativeTarget "HiddenAnimationTabBar_iOS14Support" */;
			buildPhases = (
				9AB4F7D228CB61B7003BDB56 /* Sources */,
				9AB4F7D328CB61B7003BDB56 /* Frameworks */,
				9AB4F7D428CB61B7003BDB56 /* Resources */,
			);
			buildRules = (
			);
			dependencies = (
			);
			name = HiddenAnimationTabBar_iOS14Support;
			productName = HiddenAnimationTabBar_iOS14Support;
			productReference = 9AB4F7D628CB61B7003BDB56 /* HiddenAnimationTabBar_iOS14Support.app */;
			productType = "com.apple.product-type.application";
		};
		9AB4F7E528CB61B8003BDB56 /* HiddenAnimationTabBar_iOS14SupportTests */ = {
			isa = PBXNativeTarget;
			buildConfigurationList = 9AB4F7FD28CB61B8003BDB56 /* Build configuration list for PBXNativeTarget "HiddenAnimationTabBar_iOS14SupportTests" */;
			buildPhases = (
				9AB4F7E228CB61B8003BDB56 /* Sources */,
				9AB4F7E328CB61B8003BDB56 /* Frameworks */,
				9AB4F7E428CB61B8003BDB56 /* Resources */,
			);
			buildRules = (
			);
			dependencies = (
				9AB4F7E828CB61B8003BDB56 /* PBXTargetDependency */,
			);
			name = HiddenAnimationTabBar_iOS14SupportTests;
			productName = HiddenAnimationTabBar_iOS14SupportTests;
			productReference = 9AB4F7E628CB61B8003BDB56 /* HiddenAnimationTabBar_iOS14SupportTests.xctest */;
			productType = "com.apple.product-type.bundle.unit-test";
		};
		9AB4F7EF28CB61B8003BDB56 /* HiddenAnimationTabBar_iOS14SupportUITests */ = {
			isa = PBXNativeTarget;
			buildConfigurationList = 9AB4F80028CB61B8003BDB56 /* Build configuration list for PBXNativeTarget "HiddenAnimationTabBar_iOS14SupportUITests" */;
			buildPhases = (
				9AB4F7EC28CB61B8003BDB56 /* Sources */,
				9AB4F7ED28CB61B8003BDB56 /* Frameworks */,
				9AB4F7EE28CB61B8003BDB56 /* Resources */,
			);
			buildRules = (
			);
			dependencies = (
				9AB4F7F228CB61B8003BDB56 /* PBXTargetDependency */,
			);
			name = HiddenAnimationTabBar_iOS14SupportUITests;
			productName = HiddenAnimationTabBar_iOS14SupportUITests;
			productReference = 9AB4F7F028CB61B8003BDB56 /* HiddenAnimationTabBar_iOS14SupportUITests.xctest */;
			productType = "com.apple.product-type.bundle.ui-testing";
		};
/* End PBXNativeTarget section */

/* Begin PBXProject section */
		9AB4F7CE28CB61B7003BDB56 /* Project object */ = {
			isa = PBXProject;
			attributes = {
				BuildIndependentTargetsInParallel = 1;
				LastSwiftUpdateCheck = 1340;
				LastUpgradeCheck = 1340;
				TargetAttributes = {
					9AB4F7D528CB61B7003BDB56 = {
						CreatedOnToolsVersion = 13.4.1;
					};
					9AB4F7E528CB61B8003BDB56 = {
						CreatedOnToolsVersion = 13.4.1;
						TestTargetID = 9AB4F7D528CB61B7003BDB56;
					};
					9AB4F7EF28CB61B8003BDB56 = {
						CreatedOnToolsVersion = 13.4.1;
						TestTargetID = 9AB4F7D528CB61B7003BDB56;
					};
				};
			};
			buildConfigurationList = 9AB4F7D128CB61B7003BDB56 /* Build configuration list for PBXProject "HiddenAnimationTabBar_iOS14Support" */;
			compatibilityVersion = "Xcode 13.0";
			developmentRegion = en;
			hasScannedForEncodings = 0;
			knownRegions = (
				en,
				Base,
			);
			mainGroup = 9AB4F7CD28CB61B7003BDB56;
			productRefGroup = 9AB4F7D728CB61B7003BDB56 /* Products */;
			projectDirPath = "";
			projectRoot = "";
			targets = (
				9AB4F7D528CB61B7003BDB56 /* HiddenAnimationTabBar_iOS14Support */,
				9AB4F7E528CB61B8003BDB56 /* HiddenAnimationTabBar_iOS14SupportTests */,
				9AB4F7EF28CB61B8003BDB56 /* HiddenAnimationTabBar_iOS14SupportUITests */,
			);
		};
/* End PBXProject section */

/* Begin PBXResourcesBuildPhase section */
		9AB4F7D428CB61B7003BDB56 /* Resources */ = {
			isa = PBXResourcesBuildPhase;
			buildActionMask = 2147483647;
			files = (
				9AB4F7E128CB61B8003BDB56 /* Preview Assets.xcassets in Resources */,
				9AB4F7DE28CB61B8003BDB56 /* Assets.xcassets in Resources */,
			);
			runOnlyForDeploymentPostprocessing = 0;
		};
		9AB4F7E428CB61B8003BDB56 /* Resources */ = {
			isa = PBXResourcesBuildPhase;
			buildActionMask = 2147483647;
			files = (
			);
			runOnlyForDeploymentPostprocessing = 0;
		};
		9AB4F7EE28CB61B8003BDB56 /* Resources */ = {
			isa = PBXResourcesBuildPhase;
			buildActionMask = 2147483647;
			files = (
			);
			runOnlyForDeploymentPostprocessing = 0;
		};
/* End PBXResourcesBuildPhase section */

/* Begin PBXSourcesBuildPhase section */
		9AB4F7D228CB61B7003BDB56 /* Sources */ = {
			isa = PBXSourcesBuildPhase;
			buildActionMask = 2147483647;
			files = (
				9A55CEE628CBB49400E4668F /* MatrixView.swift in Sources */,
				9AB4F80528CB6348003BDB56 /* CustomTabBarGenericView.swift in Sources */,
				9A55CEED28CCC38E00E4668F /* ListViewModel.swift in Sources */,
				9AB4F81428CB64DF003BDB56 /* HiddenTabBarKey.swift in Sources */,
				9AB4F7DC28CB61B7003BDB56 /* ContentView.swift in Sources */,
				9A55CEEA28CCC13600E4668F /* SubContentView.swift in Sources */,
				9AB4F81028CB64A6003BDB56 /* View+isHidden.swift in Sources */,
				9AB4F81628CB64F9003BDB56 /* CustomTabViewPresentModeSelectKey.swift in Sources */,
				9AB4F80A28CB6416003BDB56 /* TabBarItem.swift in Sources */,
				9A82C70528D0025900F75DA7 /* Home.swift in Sources */,
				9AB4F80D28CB6457003BDB56 /* TabBarItemsPreferenceKey.swift in Sources */,
				9A55CEE828CCB89000E4668F /* ContentViewTab.swift in Sources */,
				9A55CEF528CCD19C00E4668F /* ObservableScrollView.swift in Sources */,
				9A82C70728D0084D00F75DA7 /* BottomBarViewModel.swift in Sources */,
				9AB4F7DA28CB61B7003BDB56 /* HiddenAnimationTabBar_iOS14SupportApp.swift in Sources */,
				9A66C38928CB9B7000C0428E /* HideableTabBarView.swift in Sources */,
				9A55CEF028CCC49C00E4668F /* InifiniteListTest.swift in Sources */,
				9A82C70228D0023A00F75DA7 /* SafariTabBar.swift in Sources */,
				9AB4F80728CB63B7003BDB56 /* ContentViewTabBarContainerView.swift in Sources */,
				9A55CEF328CCC4E900E4668F /* InfiniteList.swift in Sources */,
			);
			runOnlyForDeploymentPostprocessing = 0;
		};
		9AB4F7E228CB61B8003BDB56 /* Sources */ = {
			isa = PBXSourcesBuildPhase;
			buildActionMask = 2147483647;
			files = (
				9AB4F7EB28CB61B8003BDB56 /* HiddenAnimationTabBar_iOS14SupportTests.swift in Sources */,
			);
			runOnlyForDeploymentPostprocessing = 0;
		};
		9AB4F7EC28CB61B8003BDB56 /* Sources */ = {
			isa = PBXSourcesBuildPhase;
			buildActionMask = 2147483647;
			files = (
				9AB4F7F728CB61B8003BDB56 /* HiddenAnimationTabBar_iOS14SupportUITestsLaunchTests.swift in Sources */,
				9AB4F7F528CB61B8003BDB56 /* HiddenAnimationTabBar_iOS14SupportUITests.swift in Sources */,
			);
			runOnlyForDeploymentPostprocessing = 0;
		};
/* End PBXSourcesBuildPhase section */

/* Begin PBXTargetDependency section */
		9AB4F7E828CB61B8003BDB56 /* PBXTargetDependency */ = {
			isa = PBXTargetDependency;
			target = 9AB4F7D528CB61B7003BDB56 /* HiddenAnimationTabBar_iOS14Support */;
			targetProxy = 9AB4F7E728CB61B8003BDB56 /* PBXContainerItemProxy */;
		};
		9AB4F7F228CB61B8003BDB56 /* PBXTargetDependency */ = {
			isa = PBXTargetDependency;
			target = 9AB4F7D528CB61B7003BDB56 /* HiddenAnimationTabBar_iOS14Support */;
			targetProxy = 9AB4F7F128CB61B8003BDB56 /* PBXContainerItemProxy */;
		};
/* End PBXTargetDependency section */

/* Begin XCBuildConfiguration section */
		9AB4F7F828CB61B8003BDB56 /* Debug */ = {
			isa = XCBuildConfiguration;
			buildSettings = {
				ALWAYS_SEARCH_USER_PATHS = NO;
				CLANG_ANALYZER_NONNULL = YES;
				CLANG_ANALYZER_NUMBER_OBJECT_CONVERSION = YES_AGGRESSIVE;
				CLANG_CXX_LANGUAGE_STANDARD = "gnu++17";
				CLANG_ENABLE_MODULES = YES;
				CLANG_ENABLE_OBJC_ARC = YES;
				CLANG_ENABLE_OBJC_WEAK = YES;
				CLANG_WARN_BLOCK_CAPTURE_AUTORELEASING = YES;
				CLANG_WARN_BOOL_CONVERSION = YES;
				CLANG_WARN_COMMA = YES;
				CLANG_WARN_CONSTANT_CONVERSION = YES;
				CLANG_WARN_DEPRECATED_OBJC_IMPLEMENTATIONS = YES;
				CLANG_WARN_DIRECT_OBJC_ISA_USAGE = YES_ERROR;
				CLANG_WARN_DOCUMENTATION_COMMENTS = YES;
				CLANG_WARN_EMPTY_BODY = YES;
				CLANG_WARN_ENUM_CONVERSION = YES;
				CLANG_WARN_INFINITE_RECURSION = YES;
				CLANG_WARN_INT_CONVERSION = YES;
				CLANG_WARN_NON_LITERAL_NULL_CONVERSION = YES;
				CLANG_WARN_OBJC_IMPLICIT_RETAIN_SELF = YES;
				CLANG_WARN_OBJC_LITERAL_CONVERSION = YES;
				CLANG_WARN_OBJC_ROOT_CLASS = YES_ERROR;
				CLANG_WARN_QUOTED_INCLUDE_IN_FRAMEWORK_HEADER = YES;
				CLANG_WARN_RANGE_LOOP_ANALYSIS = YES;
				CLANG_WARN_STRICT_PROTOTYPES = YES;
				CLANG_WARN_SUSPICIOUS_MOVE = YES;
				CLANG_WARN_UNGUARDED_AVAILABILITY = YES_AGGRESSIVE;
				CLANG_WARN_UNREACHABLE_CODE = YES;
				CLANG_WARN__DUPLICATE_METHOD_MATCH = YES;
				COPY_PHASE_STRIP = NO;
				DEBUG_INFORMATION_FORMAT = dwarf;
				ENABLE_STRICT_OBJC_MSGSEND = YES;
				ENABLE_TESTABILITY = YES;
				GCC_C_LANGUAGE_STANDARD = gnu11;
				GCC_DYNAMIC_NO_PIC = NO;
				GCC_NO_COMMON_BLOCKS = YES;
				GCC_OPTIMIZATION_LEVEL = 0;
				GCC_PREPROCESSOR_DEFINITIONS = (
					"DEBUG=1",
					"$(inherited)",
				);
				GCC_WARN_64_TO_32_BIT_CONVERSION = YES;
				GCC_WARN_ABOUT_RETURN_TYPE = YES_ERROR;
				GCC_WARN_UNDECLARED_SELECTOR = YES;
				GCC_WARN_UNINITIALIZED_AUTOS = YES_AGGRESSIVE;
				GCC_WARN_UNUSED_FUNCTION = YES;
				GCC_WARN_UNUSED_VARIABLE = YES;
				IPHONEOS_DEPLOYMENT_TARGET = 14.0;
				MTL_ENABLE_DEBUG_INFO = INCLUDE_SOURCE;
				MTL_FAST_MATH = YES;
				ONLY_ACTIVE_ARCH = YES;
				SDKROOT = iphoneos;
				SWIFT_ACTIVE_COMPILATION_CONDITIONS = DEBUG;
				SWIFT_OPTIMIZATION_LEVEL = "-Onone";
			};
			name = Debug;
		};
		9AB4F7F928CB61B8003BDB56 /* Release */ = {
			isa = XCBuildConfiguration;
			buildSettings = {
				ALWAYS_SEARCH_USER_PATHS = NO;
				CLANG_ANALYZER_NONNULL = YES;
				CLANG_ANALYZER_NUMBER_OBJECT_CONVERSION = YES_AGGRESSIVE;
				CLANG_CXX_LANGUAGE_STANDARD = "gnu++17";
				CLANG_ENABLE_MODULES = YES;
				CLANG_ENABLE_OBJC_ARC = YES;
				CLANG_ENABLE_OBJC_WEAK = YES;
				CLANG_WARN_BLOCK_CAPTURE_AUTORELEASING = YES;
				CLANG_WARN_BOOL_CONVERSION = YES;
				CLANG_WARN_COMMA = YES;
				CLANG_WARN_CONSTANT_CONVERSION = YES;
				CLANG_WARN_DEPRECATED_OBJC_IMPLEMENTATIONS = YES;
				CLANG_WARN_DIRECT_OBJC_ISA_USAGE = YES_ERROR;
				CLANG_WARN_DOCUMENTATION_COMMENTS = YES;
				CLANG_WARN_EMPTY_BODY = YES;
				CLANG_WARN_ENUM_CONVERSION = YES;
				CLANG_WARN_INFINITE_RECURSION = YES;
				CLANG_WARN_INT_CONVERSION = YES;
				CLANG_WARN_NON_LITERAL_NULL_CONVERSION = YES;
				CLANG_WARN_OBJC_IMPLICIT_RETAIN_SELF = YES;
				CLANG_WARN_OBJC_LITERAL_CONVERSION = YES;
				CLANG_WARN_OBJC_ROOT_CLASS = YES_ERROR;
				CLANG_WARN_QUOTED_INCLUDE_IN_FRAMEWORK_HEADER = YES;
				CLANG_WARN_RANGE_LOOP_ANALYSIS = YES;
				CLANG_WARN_STRICT_PROTOTYPES = YES;
				CLANG_WARN_SUSPICIOUS_MOVE = YES;
				CLANG_WARN_UNGUARDED_AVAILABILITY = YES_AGGRESSIVE;
				CLANG_WARN_UNREACHABLE_CODE = YES;
				CLANG_WARN__DUPLICATE_METHOD_MATCH = YES;
				COPY_PHASE_STRIP = NO;
				DEBUG_INFORMATION_FORMAT = "dwarf-with-dsym";
				ENABLE_NS_ASSERTIONS = NO;
				ENABLE_STRICT_OBJC_MSGSEND = YES;
				GCC_C_LANGUAGE_STANDARD = gnu11;
				GCC_NO_COMMON_BLOCKS = YES;
				GCC_WARN_64_TO_32_BIT_CONVERSION = YES;
				GCC_WARN_ABOUT_RETURN_TYPE = YES_ERROR;
				GCC_WARN_UNDECLARED_SELECTOR = YES;
				GCC_WARN_UNINITIALIZED_AUTOS = YES_AGGRESSIVE;
				GCC_WARN_UNUSED_FUNCTION = YES;
				GCC_WARN_UNUSED_VARIABLE = YES;
				IPHONEOS_DEPLOYMENT_TARGET = 14.0;
				MTL_ENABLE_DEBUG_INFO = NO;
				MTL_FAST_MATH = YES;
				SDKROOT = iphoneos;
				SWIFT_COMPILATION_MODE = wholemodule;
				SWIFT_OPTIMIZATION_LEVEL = "-O";
				VALIDATE_PRODUCT = YES;
			};
			name = Release;
		};
		9AB4F7FB28CB61B8003BDB56 /* Debug */ = {
			isa = XCBuildConfiguration;
			buildSettings = {
				ASSETCATALOG_COMPILER_APPICON_NAME = AppIcon;
				ASSETCATALOG_COMPILER_GLOBAL_ACCENT_COLOR_NAME = AccentColor;
				CODE_SIGN_STYLE = Automatic;
				CURRENT_PROJECT_VERSION = 1;
				DEVELOPMENT_ASSET_PATHS = "\"HiddenAnimationTabBar_iOS14Support/Preview Content\"";
				DEVELOPMENT_TEAM = GY636G2259;
				ENABLE_PREVIEWS = YES;
				GENERATE_INFOPLIST_FILE = YES;
				INFOPLIST_KEY_UIApplicationSceneManifest_Generation = YES;
				INFOPLIST_KEY_UIApplicationSupportsIndirectInputEvents = YES;
				INFOPLIST_KEY_UILaunchScreen_Generation = YES;
				INFOPLIST_KEY_UISupportedInterfaceOrientations_iPad = "UIInterfaceOrientationPortrait UIInterfaceOrientationPortraitUpsideDown UIInterfaceOrientationLandscapeLeft UIInterfaceOrientationLandscapeRight";
				INFOPLIST_KEY_UISupportedInterfaceOrientations_iPhone = "UIInterfaceOrientationPortrait UIInterfaceOrientationLandscapeLeft UIInterfaceOrientationLandscapeRight";
				IPHONEOS_DEPLOYMENT_TARGET = 14.0;
				LD_RUNPATH_SEARCH_PATHS = (
					"$(inherited)",
					"@executable_path/Frameworks",
				);
				MARKETING_VERSION = 1.0;
				PRODUCT_BUNDLE_IDENTIFIER = "com.kokiTakashiki.HiddenAnimationTabBar-iOS14Support";
				PRODUCT_NAME = "$(TARGET_NAME)";
				SWIFT_EMIT_LOC_STRINGS = YES;
				SWIFT_VERSION = 5.0;
				TARGETED_DEVICE_FAMILY = "1,2";
			};
			name = Debug;
		};
		9AB4F7FC28CB61B8003BDB56 /* Release */ = {
			isa = XCBuildConfiguration;
			buildSettings = {
				ASSETCATALOG_COMPILER_APPICON_NAME = AppIcon;
				ASSETCATALOG_COMPILER_GLOBAL_ACCENT_COLOR_NAME = AccentColor;
				CODE_SIGN_STYLE = Automatic;
				CURRENT_PROJECT_VERSION = 1;
				DEVELOPMENT_ASSET_PATHS = "\"HiddenAnimationTabBar_iOS14Support/Preview Content\"";
				DEVELOPMENT_TEAM = GY636G2259;
				ENABLE_PREVIEWS = YES;
				GENERATE_INFOPLIST_FILE = YES;
				INFOPLIST_KEY_UIApplicationSceneManifest_Generation = YES;
				INFOPLIST_KEY_UIApplicationSupportsIndirectInputEvents = YES;
				INFOPLIST_KEY_UILaunchScreen_Generation = YES;
				INFOPLIST_KEY_UISupportedInterfaceOrientations_iPad = "UIInterfaceOrientationPortrait UIInterfaceOrientationPortraitUpsideDown UIInterfaceOrientationLandscapeLeft UIInterfaceOrientationLandscapeRight";
				INFOPLIST_KEY_UISupportedInterfaceOrientations_iPhone = "UIInterfaceOrientationPortrait UIInterfaceOrientationLandscapeLeft UIInterfaceOrientationLandscapeRight";
				IPHONEOS_DEPLOYMENT_TARGET = 14.0;
				LD_RUNPATH_SEARCH_PATHS = (
					"$(inherited)",
					"@executable_path/Frameworks",
				);
				MARKETING_VERSION = 1.0;
				PRODUCT_BUNDLE_IDENTIFIER = "com.kokiTakashiki.HiddenAnimationTabBar-iOS14Support";
				PRODUCT_NAME = "$(TARGET_NAME)";
				SWIFT_EMIT_LOC_STRINGS = YES;
				SWIFT_VERSION = 5.0;
				TARGETED_DEVICE_FAMILY = "1,2";
			};
			name = Release;
		};
		9AB4F7FE28CB61B8003BDB56 /* Debug */ = {
			isa = XCBuildConfiguration;
			buildSettings = {
				ALWAYS_EMBED_SWIFT_STANDARD_LIBRARIES = YES;
				BUNDLE_LOADER = "$(TEST_HOST)";
				CODE_SIGN_STYLE = Automatic;
				CURRENT_PROJECT_VERSION = 1;
				DEVELOPMENT_TEAM = GY636G2259;
				GENERATE_INFOPLIST_FILE = YES;
				IPHONEOS_DEPLOYMENT_TARGET = 15.5;
				MARKETING_VERSION = 1.0;
				PRODUCT_BUNDLE_IDENTIFIER = "com.kokiTakashiki.HiddenAnimationTabBar-iOS14SupportTests";
				PRODUCT_NAME = "$(TARGET_NAME)";
				SWIFT_EMIT_LOC_STRINGS = NO;
				SWIFT_VERSION = 5.0;
				TARGETED_DEVICE_FAMILY = "1,2";
				TEST_HOST = "$(BUILT_PRODUCTS_DIR)/HiddenAnimationTabBar_iOS14Support.app/HiddenAnimationTabBar_iOS14Support";
			};
			name = Debug;
		};
		9AB4F7FF28CB61B8003BDB56 /* Release */ = {
			isa = XCBuildConfiguration;
			buildSettings = {
				ALWAYS_EMBED_SWIFT_STANDARD_LIBRARIES = YES;
				BUNDLE_LOADER = "$(TEST_HOST)";
				CODE_SIGN_STYLE = Automatic;
				CURRENT_PROJECT_VERSION = 1;
				DEVELOPMENT_TEAM = GY636G2259;
				GENERATE_INFOPLIST_FILE = YES;
				IPHONEOS_DEPLOYMENT_TARGET = 15.5;
				MARKETING_VERSION = 1.0;
				PRODUCT_BUNDLE_IDENTIFIER = "com.kokiTakashiki.HiddenAnimationTabBar-iOS14SupportTests";
				PRODUCT_NAME = "$(TARGET_NAME)";
				SWIFT_EMIT_LOC_STRINGS = NO;
				SWIFT_VERSION = 5.0;
				TARGETED_DEVICE_FAMILY = "1,2";
				TEST_HOST = "$(BUILT_PRODUCTS_DIR)/HiddenAnimationTabBar_iOS14Support.app/HiddenAnimationTabBar_iOS14Support";
			};
			name = Release;
		};
		9AB4F80128CB61B8003BDB56 /* Debug */ = {
			isa = XCBuildConfiguration;
			buildSettings = {
				ALWAYS_EMBED_SWIFT_STANDARD_LIBRARIES = YES;
				CODE_SIGN_STYLE = Automatic;
				CURRENT_PROJECT_VERSION = 1;
				DEVELOPMENT_TEAM = GY636G2259;
				GENERATE_INFOPLIST_FILE = YES;
				MARKETING_VERSION = 1.0;
				PRODUCT_BUNDLE_IDENTIFIER = "com.kokiTakashiki.HiddenAnimationTabBar-iOS14SupportUITests";
				PRODUCT_NAME = "$(TARGET_NAME)";
				SWIFT_EMIT_LOC_STRINGS = NO;
				SWIFT_VERSION = 5.0;
				TARGETED_DEVICE_FAMILY = "1,2";
				TEST_TARGET_NAME = HiddenAnimationTabBar_iOS14Support;
			};
			name = Debug;
		};
		9AB4F80228CB61B8003BDB56 /* Release */ = {
			isa = XCBuildConfiguration;
			buildSettings = {
				ALWAYS_EMBED_SWIFT_STANDARD_LIBRARIES = YES;
				CODE_SIGN_STYLE = Automatic;
				CURRENT_PROJECT_VERSION = 1;
				DEVELOPMENT_TEAM = GY636G2259;
				GENERATE_INFOPLIST_FILE = YES;
				MARKETING_VERSION = 1.0;
				PRODUCT_BUNDLE_IDENTIFIER = "com.kokiTakashiki.HiddenAnimationTabBar-iOS14SupportUITests";
				PRODUCT_NAME = "$(TARGET_NAME)";
				SWIFT_EMIT_LOC_STRINGS = NO;
				SWIFT_VERSION = 5.0;
				TARGETED_DEVICE_FAMILY = "1,2";
				TEST_TARGET_NAME = HiddenAnimationTabBar_iOS14Support;
			};
			name = Release;
		};
/* End XCBuildConfiguration section */

/* Begin XCConfigurationList section */
		9AB4F7D128CB61B7003BDB56 /* Build configuration list for PBXProject "HiddenAnimationTabBar_iOS14Support" */ = {
			isa = XCConfigurationList;
			buildConfigurations = (
				9AB4F7F828CB61B8003BDB56 /* Debug */,
				9AB4F7F928CB61B8003BDB56 /* Release */,
			);
			defaultConfigurationIsVisible = 0;
			defaultConfigurationName = Release;
		};
		9AB4F7FA28CB61B8003BDB56 /* Build configuration list for PBXNativeTarget "HiddenAnimationTabBar_iOS14Support" */ = {
			isa = XCConfigurationList;
			buildConfigurations = (
				9AB4F7FB28CB61B8003BDB56 /* Debug */,
				9AB4F7FC28CB61B8003BDB56 /* Release */,
			);
			defaultConfigurationIsVisible = 0;
			defaultConfigurationName = Release;
		};
		9AB4F7FD28CB61B8003BDB56 /* Build configuration list for PBXNativeTarget "HiddenAnimationTabBar_iOS14SupportTests" */ = {
			isa = XCConfigurationList;
			buildConfigurations = (
				9AB4F7FE28CB61B8003BDB56 /* Debug */,
				9AB4F7FF28CB61B8003BDB56 /* Release */,
			);
			defaultConfigurationIsVisible = 0;
			defaultConfigurationName = Release;
		};
		9AB4F80028CB61B8003BDB56 /* Build configuration list for PBXNativeTarget "HiddenAnimationTabBar_iOS14SupportUITests" */ = {
			isa = XCConfigurationList;
			buildConfigurations = (
				9AB4F80128CB61B8003BDB56 /* Debug */,
				9AB4F80228CB61B8003BDB56 /* Release */,
			);
			defaultConfigurationIsVisible = 0;
			defaultConfigurationName = Release;
		};
/* End XCConfigurationList section */
	};
	rootObject = 9AB4F7CE28CB61B7003BDB56 /* Project object */;
}
