// !$*UTF8*$!
{
	archiveVersion = 1;
	classes = {
	};
	objectVersion = 50;
	objects = {

/* Begin PBXBuildFile section */
		9A994F6426CA04E2008ABBCD /* LandmarksApp.swift in Sources */ = {isa = PBXBuildFile; fileRef = 9A994F6326CA04E2008ABBCD /* LandmarksApp.swift */; };
		9A994F6626CA04E2008ABBCD /* ContentView.swift in Sources */ = {isa = PBXBuildFile; fileRef = 9A994F6526CA04E2008ABBCD /* ContentView.swift */; };
		9A994F6826CA04E3008ABBCD /* Assets.xcassets in Resources */ = {isa = PBXBuildFile; fileRef = 9A994F6726CA04E3008ABBCD /* Assets.xcassets */; };
		9A994F6B26CA04E3008ABBCD /* Preview Assets.xcassets in Resources */ = {isa = PBXBuildFile; fileRef = 9A994F6A26CA04E3008ABBCD /* Preview Assets.xcassets */; };
		9A994F7326CA37AB008ABBCD /* CircleImage.swift in Sources */ = {isa = PBXBuildFile; fileRef = 9A994F7226CA37AB008ABBCD /* CircleImage.swift */; };
		9A994F7526CA3820008ABBCD /* MapView.swift in Sources */ = {isa = PBXBuildFile; fileRef = 9A994F7426CA3820008ABBCD /* MapView.swift */; };
		9ABB527626CCFFE100C80A01 /* landmarkData.json in Resources */ = {isa = PBXBuildFile; fileRef = 9ABB527526CCFFE100C80A01 /* landmarkData.json */; };
		9ABB527826CCFFFB00C80A01 /* Landmark.swift in Sources */ = {isa = PBXBuildFile; fileRef = 9ABB527726CCFFFB00C80A01 /* Landmark.swift */; };
		9ABB527A26CD018000C80A01 /* ModelData.swift in Sources */ = {isa = PBXBuildFile; fileRef = 9ABB527926CD018000C80A01 /* ModelData.swift */; };
		9ABB528026CDDEBA00C80A01 /* LandmarkRow.swift in Sources */ = {isa = PBXBuildFile; fileRef = 9ABB527F26CDDEBA00C80A01 /* LandmarkRow.swift */; };
/* End PBXBuildFile section */

/* Begin PBXFileReference section */
		9A994F6026CA04E2008ABBCD /* Landmarks.app */ = {isa = PBXFileReference; explicitFileType = wrapper.application; includeInIndex = 0; path = Landmarks.app; sourceTree = BUILT_PRODUCTS_DIR; };
		9A994F6326CA04E2008ABBCD /* LandmarksApp.swift */ = {isa = PBXFileReference; lastKnownFileType = sourcecode.swift; path = LandmarksApp.swift; sourceTree = "<group>"; };
		9A994F6526CA04E2008ABBCD /* ContentView.swift */ = {isa = PBXFileReference; lastKnownFileType = sourcecode.swift; path = ContentView.swift; sourceTree = "<group>"; };
		9A994F6726CA04E3008ABBCD /* Assets.xcassets */ = {isa = PBXFileReference; lastKnownFileType = folder.assetcatalog; path = Assets.xcassets; sourceTree = "<group>"; };
		9A994F6A26CA04E3008ABBCD /* Preview Assets.xcassets */ = {isa = PBXFileReference; lastKnownFileType = folder.assetcatalog; path = "Preview Assets.xcassets"; sourceTree = "<group>"; };
		9A994F6C26CA04E3008ABBCD /* Info.plist */ = {isa = PBXFileReference; lastKnownFileType = text.plist.xml; path = Info.plist; sourceTree = "<group>"; };
		9A994F7226CA37AB008ABBCD /* CircleImage.swift */ = {isa = PBXFileReference; lastKnownFileType = sourcecode.swift; path = CircleImage.swift; sourceTree = "<group>"; };
		9A994F7426CA3820008ABBCD /* MapView.swift */ = {isa = PBXFileReference; lastKnownFileType = sourcecode.swift; path = MapView.swift; sourceTree = "<group>"; };
		9ABB527526CCFFE100C80A01 /* landmarkData.json */ = {isa = PBXFileReference; fileEncoding = 4; lastKnownFileType = text.json; path = landmarkData.json; sourceTree = "<group>"; };
		9ABB527726CCFFFB00C80A01 /* Landmark.swift */ = {isa = PBXFileReference; lastKnownFileType = sourcecode.swift; path = Landmark.swift; sourceTree = "<group>"; };
		9ABB527926CD018000C80A01 /* ModelData.swift */ = {isa = PBXFileReference; lastKnownFileType = sourcecode.swift; path = ModelData.swift; sourceTree = "<group>"; };
		9ABB527F26CDDEBA00C80A01 /* LandmarkRow.swift */ = {isa = PBXFileReference; lastKnownFileType = sourcecode.swift; path = LandmarkRow.swift; sourceTree = "<group>"; };
/* End PBXFileReference section */

/* Begin PBXFrameworksBuildPhase section */
		9A994F5D26CA04E2008ABBCD /* Frameworks */ = {
			isa = PBXFrameworksBuildPhase;
			buildActionMask = 2147483647;
			files = (
			);
			runOnlyForDeploymentPostprocessing = 0;
		};
/* End PBXFrameworksBuildPhase section */

/* Begin PBXGroup section */
		9A994F5726CA04E2008ABBCD = {
			isa = PBXGroup;
			children = (
				9A994F6226CA04E2008ABBCD /* Landmarks */,
				9A994F6126CA04E2008ABBCD /* Products */,
			);
			sourceTree = "<group>";
		};
		9A994F6126CA04E2008ABBCD /* Products */ = {
			isa = PBXGroup;
			children = (
				9A994F6026CA04E2008ABBCD /* Landmarks.app */,
			);
			name = Products;
			sourceTree = "<group>";
		};
		9A994F6226CA04E2008ABBCD /* Landmarks */ = {
			isa = PBXGroup;
			children = (
				9A994F6326CA04E2008ABBCD /* LandmarksApp.swift */,
				9ABB527C26CD023700C80A01 /* Views */,
				9ABB527B26CD021F00C80A01 /* Model */,
				9ABB527426CCFFC800C80A01 /* Resources */,
				9A994F6726CA04E3008ABBCD /* Assets.xcassets */,
				9A994F6C26CA04E3008ABBCD /* Info.plist */,
				9A994F6926CA04E3008ABBCD /* Preview Content */,
			);
			path = Landmarks;
			sourceTree = "<group>";
		};
		9A994F6926CA04E3008ABBCD /* Preview Content */ = {
			isa = PBXGroup;
			children = (
				9A994F6A26CA04E3008ABBCD /* Preview Assets.xcassets */,
			);
			path = "Preview Content";
			sourceTree = "<group>";
		};
		9ABB527426CCFFC800C80A01 /* Resources */ = {
			isa = PBXGroup;
			children = (
				9ABB527526CCFFE100C80A01 /* landmarkData.json */,
			);
			path = Resources;
			sourceTree = "<group>";
		};
		9ABB527B26CD021F00C80A01 /* Model */ = {
			isa = PBXGroup;
			children = (
				9ABB527726CCFFFB00C80A01 /* Landmark.swift */,
				9ABB527926CD018000C80A01 /* ModelData.swift */,
			);
			path = Model;
			sourceTree = "<group>";
		};
		9ABB527C26CD023700C80A01 /* Views */ = {
			isa = PBXGroup;
			children = (
				9A994F6526CA04E2008ABBCD /* ContentView.swift */,
				9A994F7226CA37AB008ABBCD /* CircleImage.swift */,
				9A994F7426CA3820008ABBCD /* MapView.swift */,
				9ABB527F26CDDEBA00C80A01 /* LandmarkRow.swift */,
			);
			path = Views;
			sourceTree = "<group>";
		};
/* End PBXGroup section */

/* Begin PBXNativeTarget section */
		9A994F5F26CA04E2008ABBCD /* Landmarks */ = {
			isa = PBXNativeTarget;
			buildConfigurationList = 9A994F6F26CA04E3008ABBCD /* Build configuration list for PBXNativeTarget "Landmarks" */;
			buildPhases = (
				9A994F5C26CA04E2008ABBCD /* Sources */,
				9A994F5D26CA04E2008ABBCD /* Frameworks */,
				9A994F5E26CA04E2008ABBCD /* Resources */,
			);
			buildRules = (
			);
			dependencies = (
			);
			name = Landmarks;
			productName = Landmarks;
			productReference = 9A994F6026CA04E2008ABBCD /* Landmarks.app */;
			productType = "com.apple.product-type.application";
		};
/* End PBXNativeTarget section */

/* Begin PBXProject section */
		9A994F5826CA04E2008ABBCD /* Project object */ = {
			isa = PBXProject;
			attributes = {
				LastSwiftUpdateCheck = 1250;
				LastUpgradeCheck = 1250;
				TargetAttributes = {
					9A994F5F26CA04E2008ABBCD = {
						CreatedOnToolsVersion = 12.5.1;
					};
				};
			};
			buildConfigurationList = 9A994F5B26CA04E2008ABBCD /* Build configuration list for PBXProject "Landmarks" */;
			compatibilityVersion = "Xcode 9.3";
			developmentRegion = en;
			hasScannedForEncodings = 0;
			knownRegions = (
				en,
				Base,
			);
			mainGroup = 9A994F5726CA04E2008ABBCD;
			productRefGroup = 9A994F6126CA04E2008ABBCD /* Products */;
			projectDirPath = "";
			projectRoot = "";
			targets = (
				9A994F5F26CA04E2008ABBCD /* Landmarks */,
			);
		};
/* End PBXProject section */

/* Begin PBXResourcesBuildPhase section */
		9A994F5E26CA04E2008ABBCD /* Resources */ = {
			isa = PBXResourcesBuildPhase;
			buildActionMask = 2147483647;
			files = (
				9A994F6B26CA04E3008ABBCD /* Preview Assets.xcassets in Resources */,
				9A994F6826CA04E3008ABBCD /* Assets.xcassets in Resources */,
				9ABB527626CCFFE100C80A01 /* landmarkData.json in Resources */,
			);
			runOnlyForDeploymentPostprocessing = 0;
		};
/* End PBXResourcesBuildPhase section */

/* Begin PBXSourcesBuildPhase section */
		9A994F5C26CA04E2008ABBCD /* Sources */ = {
			isa = PBXSourcesBuildPhase;
			buildActionMask = 2147483647;
			files = (
				9A994F6626CA04E2008ABBCD /* ContentView.swift in Sources */,
				9A994F7526CA3820008ABBCD /* MapView.swift in Sources */,
				9A994F6426CA04E2008ABBCD /* LandmarksApp.swift in Sources */,
				9A994F7326CA37AB008ABBCD /* CircleImage.swift in Sources */,
				9ABB527826CCFFFB00C80A01 /* Landmark.swift in Sources */,
				9ABB528026CDDEBA00C80A01 /* LandmarkRow.swift in Sources */,
				9ABB527A26CD018000C80A01 /* ModelData.swift in Sources */,
			);
			runOnlyForDeploymentPostprocessing = 0;
		};
/* End PBXSourcesBuildPhase section */

/* Begin XCBuildConfiguration section */
		9A994F6D26CA04E3008ABBCD /* Debug */ = {
			isa = XCBuildConfiguration;
			buildSettings = {
				ALWAYS_SEARCH_USER_PATHS = NO;
				CLANG_ANALYZER_NONNULL = YES;
				CLANG_ANALYZER_NUMBER_OBJECT_CONVERSION = YES_AGGRESSIVE;
				CLANG_CXX_LANGUAGE_STANDARD = "gnu++14";
				CLANG_CXX_LIBRARY = "libc++";
				CLANG_ENABLE_MODULES = YES;
				CLANG_ENABLE_OBJC_ARC = YES;
				CLANG_ENABLE_OBJC_WEAK = YES;
				CLANG_WARN_BLOCK_CAPTURE_AUTORELEASING = YES;
				CLANG_WARN_BOOL_CONVERSION = YES;
				CLANG_WARN_COMMA = YES;
				CLANG_WARN_CONSTANT_CONVERSION = YES;
				CLANG_WARN_DEPRECATED_OBJC_IMPLEMENTATIONS = YES;
				CLANG_WARN_DIRECT_OBJC_ISA_USAGE = YES_ERROR;
				CLANG_WARN_DOCUMENTATION_COMMENTS = YES;
				CLANG_WARN_EMPTY_BODY = YES;
				CLANG_WARN_ENUM_CONVERSION = YES;
				CLANG_WARN_INFINITE_RECURSION = YES;
				CLANG_WARN_INT_CONVERSION = YES;
				CLANG_WARN_NON_LITERAL_NULL_CONVERSION = YES;
				CLANG_WARN_OBJC_IMPLICIT_RETAIN_SELF = YES;
				CLANG_WARN_OBJC_LITERAL_CONVERSION = YES;
				CLANG_WARN_OBJC_ROOT_CLASS = YES_ERROR;
				CLANG_WARN_QUOTED_INCLUDE_IN_FRAMEWORK_HEADER = YES;
				CLANG_WARN_RANGE_LOOP_ANALYSIS = YES;
				CLANG_WARN_STRICT_PROTOTYPES = YES;
				CLANG_WARN_SUSPICIOUS_MOVE = YES;
				CLANG_WARN_UNGUARDED_AVAILABILITY = YES_AGGRESSIVE;
				CLANG_WARN_UNREACHABLE_CODE = YES;
				CLANG_WARN__DUPLICATE_METHOD_MATCH = YES;
				COPY_PHASE_STRIP = NO;
				DEBUG_INFORMATION_FORMAT = dwarf;
				ENABLE_STRICT_OBJC_MSGSEND = YES;
				ENABLE_TESTABILITY = YES;
				GCC_C_LANGUAGE_STANDARD = gnu11;
				GCC_DYNAMIC_NO_PIC = NO;
				GCC_NO_COMMON_BLOCKS = YES;
				GCC_OPTIMIZATION_LEVEL = 0;
				GCC_PREPROCESSOR_DEFINITIONS = (
					"DEBUG=1",
					"$(inherited)",
				);
				GCC_WARN_64_TO_32_BIT_CONVERSION = YES;
				GCC_WARN_ABOUT_RETURN_TYPE = YES_ERROR;
				GCC_WARN_UNDECLARED_SELECTOR = YES;
				GCC_WARN_UNINITIALIZED_AUTOS = YES_AGGRESSIVE;
				GCC_WARN_UNUSED_FUNCTION = YES;
				GCC_WARN_UNUSED_VARIABLE = YES;
				IPHONEOS_DEPLOYMENT_TARGET = 14.5;
				MTL_ENABLE_DEBUG_INFO = INCLUDE_SOURCE;
				MTL_FAST_MATH = YES;
				ONLY_ACTIVE_ARCH = YES;
				SDKROOT = iphoneos;
				SWIFT_ACTIVE_COMPILATION_CONDITIONS = DEBUG;
				SWIFT_OPTIMIZATION_LEVEL = "-Onone";
			};
			name = Debug;
		};
		9A994F6E26CA04E3008ABBCD /* Release */ = {
			isa = XCBuildConfiguration;
			buildSettings = {
				ALWAYS_SEARCH_USER_PATHS = NO;
				CLANG_ANALYZER_NONNULL = YES;
				CLANG_ANALYZER_NUMBER_OBJECT_CONVERSION = YES_AGGRESSIVE;
				CLANG_CXX_LANGUAGE_STANDARD = "gnu++14";
				CLANG_CXX_LIBRARY = "libc++";
				CLANG_ENABLE_MODULES = YES;
				CLANG_ENABLE_OBJC_ARC = YES;
				CLANG_ENABLE_OBJC_WEAK = YES;
				CLANG_WARN_BLOCK_CAPTURE_AUTORELEASING = YES;
				CLANG_WARN_BOOL_CONVERSION = YES;
				CLANG_WARN_COMMA = YES;
				CLANG_WARN_CONSTANT_CONVERSION = YES;
				CLANG_WARN_DEPRECATED_OBJC_IMPLEMENTATIONS = YES;
				CLANG_WARN_DIRECT_OBJC_ISA_USAGE = YES_ERROR;
				CLANG_WARN_DOCUMENTATION_COMMENTS = YES;
				CLANG_WARN_EMPTY_BODY = YES;
				CLANG_WARN_ENUM_CONVERSION = YES;
				CLANG_WARN_INFINITE_RECURSION = YES;
				CLANG_WARN_INT_CONVERSION = YES;
				CLANG_WARN_NON_LITERAL_NULL_CONVERSION = YES;
				CLANG_WARN_OBJC_IMPLICIT_RETAIN_SELF = YES;
				CLANG_WARN_OBJC_LITERAL_CONVERSION = YES;
				CLANG_WARN_OBJC_ROOT_CLASS = YES_ERROR;
				CLANG_WARN_QUOTED_INCLUDE_IN_FRAMEWORK_HEADER = YES;
				CLANG_WARN_RANGE_LOOP_ANALYSIS = YES;
				CLANG_WARN_STRICT_PROTOTYPES = YES;
				CLANG_WARN_SUSPICIOUS_MOVE = YES;
				CLANG_WARN_UNGUARDED_AVAILABILITY = YES_AGGRESSIVE;
				CLANG_WARN_UNREACHABLE_CODE = YES;
				CLANG_WARN__DUPLICATE_METHOD_MATCH = YES;
				COPY_PHASE_STRIP = NO;
				DEBUG_INFORMATION_FORMAT = "dwarf-with-dsym";
				ENABLE_NS_ASSERTIONS = NO;
				ENABLE_STRICT_OBJC_MSGSEND = YES;
				GCC_C_LANGUAGE_STANDARD = gnu11;
				GCC_NO_COMMON_BLOCKS = YES;
				GCC_WARN_64_TO_32_BIT_CONVERSION = YES;
				GCC_WARN_ABOUT_RETURN_TYPE = YES_ERROR;
				GCC_WARN_UNDECLARED_SELECTOR = YES;
				GCC_WARN_UNINITIALIZED_AUTOS = YES_AGGRESSIVE;
				GCC_WARN_UNUSED_FUNCTION = YES;
				GCC_WARN_UNUSED_VARIABLE = YES;
				IPHONEOS_DEPLOYMENT_TARGET = 14.5;
				MTL_ENABLE_DEBUG_INFO = NO;
				MTL_FAST_MATH = YES;
				SDKROOT = iphoneos;
				SWIFT_COMPILATION_MODE = wholemodule;
				SWIFT_OPTIMIZATION_LEVEL = "-O";
				VALIDATE_PRODUCT = YES;
			};
			name = Release;
		};
		9A994F7026CA04E3008ABBCD /* Debug */ = {
			isa = XCBuildConfiguration;
			buildSettings = {
				ASSETCATALOG_COMPILER_APPICON_NAME = AppIcon;
				ASSETCATALOG_COMPILER_GLOBAL_ACCENT_COLOR_NAME = AccentColor;
				CODE_SIGN_STYLE = Automatic;
				DEVELOPMENT_ASSET_PATHS = "\"Landmarks/Preview Content\"";
				DEVELOPMENT_TEAM = GY636G2259;
				ENABLE_PREVIEWS = YES;
				INFOPLIST_FILE = Landmarks/Info.plist;
				IPHONEOS_DEPLOYMENT_TARGET = 14.0;
				LD_RUNPATH_SEARCH_PATHS = (
					"$(inherited)",
					"@executable_path/Frameworks",
				);
				PRODUCT_BUNDLE_IDENTIFIER = com.kokitakeda.Landmarks;
				PRODUCT_NAME = "$(TARGET_NAME)";
				SWIFT_VERSION = 5.0;
				TARGETED_DEVICE_FAMILY = "1,2";
			};
			name = Debug;
		};
		9A994F7126CA04E3008ABBCD /* Release */ = {
			isa = XCBuildConfiguration;
			buildSettings = {
				ASSETCATALOG_COMPILER_APPICON_NAME = AppIcon;
				ASSETCATALOG_COMPILER_GLOBAL_ACCENT_COLOR_NAME = AccentColor;
				CODE_SIGN_STYLE = Automatic;
				DEVELOPMENT_ASSET_PATHS = "\"Landmarks/Preview Content\"";
				DEVELOPMENT_TEAM = GY636G2259;
				ENABLE_PREVIEWS = YES;
				INFOPLIST_FILE = Landmarks/Info.plist;
				IPHONEOS_DEPLOYMENT_TARGET = 14.0;
				LD_RUNPATH_SEARCH_PATHS = (
					"$(inherited)",
					"@executable_path/Frameworks",
				);
				PRODUCT_BUNDLE_IDENTIFIER = com.kokitakeda.Landmarks;
				PRODUCT_NAME = "$(TARGET_NAME)";
				SWIFT_VERSION = 5.0;
				TARGETED_DEVICE_FAMILY = "1,2";
			};
			name = Release;
		};
/* End XCBuildConfiguration section */

/* Begin XCConfigurationList section */
		9A994F5B26CA04E2008ABBCD /* Build configuration list for PBXProject "Landmarks" */ = {
			isa = XCConfigurationList;
			buildConfigurations = (
				9A994F6D26CA04E3008ABBCD /* Debug */,
				9A994F6E26CA04E3008ABBCD /* Release */,
			);
			defaultConfigurationIsVisible = 0;
			defaultConfigurationName = Release;
		};
		9A994F6F26CA04E3008ABBCD /* Build configuration list for PBXNativeTarget "Landmarks" */ = {
			isa = XCConfigurationList;
			buildConfigurations = (
				9A994F7026CA04E3008ABBCD /* Debug */,
				9A994F7126CA04E3008ABBCD /* Release */,
			);
			defaultConfigurationIsVisible = 0;
			defaultConfigurationName = Release;
		};
/* End XCConfigurationList section */
	};
	rootObject = 9A994F5826CA04E2008ABBCD /* Project object */;
}
